PODS:
  - AliyunOSSiOS (2.10.7)
  - cocore (1.2.6)
  - coswift (1.2.5):
    - cocore (~> 1.2.5)
  - IQKeyboardManagerSwift (6.5.1)
  - MJExtension (3.2.1)
  - MJRefresh (3.2.0)
  - RxCocoa (5.0.0):
    - RxRelay (~> 5)
    - RxSwift (~> 5)
  - RxRelay (5.0.0):
    - RxSwift (~> 5)
  - RxSwift (5.0.0)
  - SDWebImage (5.2.3):
    - SDWebImage/Core (= 5.2.3)
  - SDWebImage/Core (5.2.3)
  - SnapKit (5.0.1)
  - TXIMSDK_iOS (4.5.55)

DEPENDENCIES:
  - AliyunOSSiOS
  - coswift
  - IQKeyboardManagerSwift
  - MJExtension
  - MJRefresh
  - RxCocoa (~> 5)
  - RxSwift (~> 5)
  - SDWebImage (~> 5.0)
  - SnapKit
  - TXIMSDK_iOS

SPEC REPOS:
  trunk:
    - AliyunOSSiOS
    - cocore
    - coswift
    - IQKeyboardManagerSwift
    - MJExtension
    - MJRefresh
    - RxCocoa
    - RxRelay
    - RxSwift
    - SDWebImage
    - SnapKit
    - TXIMSDK_iOS

SPEC CHECKSUMS:
  AliyunOSSiOS: 602b6a4e70e62a5f0a6431c20496343141d7e66f
  cocore: d6abaa4dd8c15115290362b9accbb42cc2bce9a0
  coswift: 1ab02b4ed647cce3e6315dc56ac9bbe9b0e634a2
  IQKeyboardManagerSwift: 9ac7524fad9f9fe9a3b98c927e7772471ca546d2
  MJExtension: 635f2c663dcb1bf76fa4b715b2570a5710aec545
  MJRefresh: ed450d6eb9d3346a2cb033ab7eb6de090aeef437
  RxCocoa: fcf32050ac00d801f34a7f71d5e8e7f23026dcd8
  RxRelay: 4f7409406a51a55cd88483f21ed898c234d60f18
  RxSwift: 8b0671caa829a763bbce7271095859121cbd895f
  SDWebImage: 46a7f73228f84ce80990c786e4372cf4db5875ce
  SnapKit: 97b92857e3df3a0c71833cce143274bf6ef8e5eb
  TXIMSDK_iOS: add67201c64d0a8668e4bfab4d21f83e8075d00a

PODFILE CHECKSUM: b82b72414732b9cf7ba47737d1bcf2efe12fbd71

COCOAPODS: 1.8.3
