// !$*UTF8*$!
{
	archiveVersion = 1;
	classes = {
	};
	objectVersion = 51;
	objects = {

/* Begin PBXBuildFile section */
		26F7C919832CC27B153BB537 /* libPods-COSwiftExtension.a in Frameworks */ = {isa = PBXBuildFile; fileRef = 5C10DF81DC3DDBD679464EA5 /* libPods-COSwiftExtension.a */; };
		472A3AF9E361B0623846AF7A /* libPods-CommonTools.a in Frameworks */ = {isa = PBXBuildFile; fileRef = B33CF423F14854C1FC62106C /* libPods-CommonTools.a */; };
		935B4BA138369F64464411A9 /* libPods-TIMKitDemo.a in Frameworks */ = {isa = PBXBuildFile; fileRef = 1885E51CEB11ADDEA3D5C01D /* libPods-TIMKitDemo.a */; };
		94429CFD2351B8D900045E56 /* AppDelegate.swift in Sources */ = {isa = PBXBuildFile; fileRef = 94429CFC2351B8D900045E56 /* AppDelegate.swift */; };
		94429CFF2351B8D900045E56 /* SceneDelegate.swift in Sources */ = {isa = PBXBuildFile; fileRef = 94429CFE2351B8D900045E56 /* SceneDelegate.swift */; };
		94429D012351B8D900045E56 /* ViewController.swift in Sources */ = {isa = PBXBuildFile; fileRef = 94429D002351B8D900045E56 /* ViewController.swift */; };
		94429D042351B8D900045E56 /* Main.storyboard in Resources */ = {isa = PBXBuildFile; fileRef = 94429D022351B8D900045E56 /* Main.storyboard */; };
		94429D062351B8D900045E56 /* Assets.xcassets in Resources */ = {isa = PBXBuildFile; fileRef = 94429D052351B8D900045E56 /* Assets.xcassets */; };
		94429D092351B8D900045E56 /* LaunchScreen.storyboard in Resources */ = {isa = PBXBuildFile; fileRef = 94429D072351B8D900045E56 /* LaunchScreen.storyboard */; };
		94429D172351C31100045E56 /* MessageViewController.swift in Sources */ = {isa = PBXBuildFile; fileRef = 94429D162351C31100045E56 /* MessageViewController.swift */; };
		94429D192351C8A200045E56 /* MessageCell.swift in Sources */ = {isa = PBXBuildFile; fileRef = 94429D182351C8A200045E56 /* MessageCell.swift */; };
		9444E74A235961EC0036E1D6 /* TIMCustomElem+Parser.m in Sources */ = {isa = PBXBuildFile; fileRef = 9444E749235961EC0036E1D6 /* TIMCustomElem+Parser.m */; };
		9444E7542359697C0036E1D6 /* MessageContentParser.swift in Sources */ = {isa = PBXBuildFile; fileRef = 9444E7532359697C0036E1D6 /* MessageContentParser.swift */; };
		946773B3235408770037D2C8 /* BaseViewController.swift in Sources */ = {isa = PBXBuildFile; fileRef = 946773B2235408770037D2C8 /* BaseViewController.swift */; };
		946773B5235409E70037D2C8 /* LoadingView.swift in Sources */ = {isa = PBXBuildFile; fileRef = 946773B4235409E70037D2C8 /* LoadingView.swift */; };
		946773B723540BB30037D2C8 /* ChatViewController.swift in Sources */ = {isa = PBXBuildFile; fileRef = 946773B623540BB30037D2C8 /* ChatViewController.swift */; };
		946773B923540BF20037D2C8 /* MessageInputView.swift in Sources */ = {isa = PBXBuildFile; fileRef = 946773B823540BF20037D2C8 /* MessageInputView.swift */; };
		946773BD23540D7B0037D2C8 /* MessageInputBar.swift in Sources */ = {isa = PBXBuildFile; fileRef = 946773BC23540D7B0037D2C8 /* MessageInputBar.swift */; };
		946773BF235416000037D2C8 /* MessageInputMenuView.swift in Sources */ = {isa = PBXBuildFile; fileRef = 946773BE235416000037D2C8 /* MessageInputMenuView.swift */; };
		946773C12354160D0037D2C8 /* MessageMenu.swift in Sources */ = {isa = PBXBuildFile; fileRef = 946773C02354160D0037D2C8 /* MessageMenu.swift */; };
		946773C32354163F0037D2C8 /* AudioRecorder.swift in Sources */ = {isa = PBXBuildFile; fileRef = 946773C22354163F0037D2C8 /* AudioRecorder.swift */; };
		946773F9235451B40037D2C8 /* VoiceConverter.framework in Frameworks */ = {isa = PBXBuildFile; fileRef = 946773F2235451B40037D2C8 /* VoiceConverter.framework */; };
		946773FA235451B40037D2C8 /* VoiceConverter.framework in Embed Frameworks */ = {isa = PBXBuildFile; fileRef = 946773F2235451B40037D2C8 /* VoiceConverter.framework */; settings = {ATTRIBUTES = (CodeSignOnCopy, RemoveHeadersOnCopy, ); }; };
		94677401235451D70037D2C8 /* EMVoiceConverter.mm in Sources */ = {isa = PBXBuildFile; fileRef = 946773FF235451D70037D2C8 /* EMVoiceConverter.mm */; };
		94677402235451D70037D2C8 /* EMVoiceConverter.h in Headers */ = {isa = PBXBuildFile; fileRef = 94677400235451D70037D2C8 /* EMVoiceConverter.h */; };
		94677404235451E70037D2C8 /* VoiceConverter.h in Headers */ = {isa = PBXBuildFile; fileRef = 94677403235451E70037D2C8 /* VoiceConverter.h */; };
		946774072354520B0037D2C8 /* wav.h in Headers */ = {isa = PBXBuildFile; fileRef = 946774052354520B0037D2C8 /* wav.h */; };
		946774082354520B0037D2C8 /* wav.mm in Sources */ = {isa = PBXBuildFile; fileRef = 946774062354520B0037D2C8 /* wav.mm */; };
		9467740D235452300037D2C8 /* amrFileCodec.mm in Sources */ = {isa = PBXBuildFile; fileRef = 9467740A2354522F0037D2C8 /* amrFileCodec.mm */; };
		9467740F2354523B0037D2C8 /* dec_if.h in Headers */ = {isa = PBXBuildFile; fileRef = 9467740E2354523B0037D2C8 /* dec_if.h */; };
		94677412235453FA0037D2C8 /* libopencore-amrnb.a in Frameworks */ = {isa = PBXBuildFile; fileRef = 94677410235453F90037D2C8 /* libopencore-amrnb.a */; };
		94677413235453FA0037D2C8 /* libopencore-amrwb.a in Frameworks */ = {isa = PBXBuildFile; fileRef = 94677411235453FA0037D2C8 /* libopencore-amrwb.a */; };
		94677416235454740037D2C8 /* THelper.m in Sources */ = {isa = PBXBuildFile; fileRef = 94677414235454740037D2C8 /* THelper.m */; };
		94677419235463520037D2C8 /* GenerateTestUserSig.m in Sources */ = {isa = PBXBuildFile; fileRef = 94677417235463520037D2C8 /* GenerateTestUserSig.m */; };
		9467741B235469C40037D2C8 /* RecorderError.swift in Sources */ = {isa = PBXBuildFile; fileRef = 9467741A235469C40037D2C8 /* RecorderError.swift */; };
		9467743F235477BB0037D2C8 /* TIMKitDemoTests.swift in Sources */ = {isa = PBXBuildFile; fileRef = 9467743E235477BB0037D2C8 /* TIMKitDemoTests.swift */; };
		946A969C235DD278000EEF95 /* MessageFileUploader.swift in Sources */ = {isa = PBXBuildFile; fileRef = 946A969B235DD278000EEF95 /* MessageFileUploader.swift */; };
		946A969E235DD30A000EEF95 /* MessageFileLoaderDelegate.swift in Sources */ = {isa = PBXBuildFile; fileRef = 946A969D235DD30A000EEF95 /* MessageFileLoaderDelegate.swift */; };
		9471F00323548195004E595F /* AudioPlayer.swift in Sources */ = {isa = PBXBuildFile; fileRef = 9471F00223548195004E595F /* AudioPlayer.swift */; };
		9471F00623548FD7004E595F /* AudioRecordButton.swift in Sources */ = {isa = PBXBuildFile; fileRef = 9471F00523548FD7004E595F /* AudioRecordButton.swift */; };
		94A0FE05235D48ED009F84C3 /* BucketName.swift in Sources */ = {isa = PBXBuildFile; fileRef = 94A0FE04235D48ED009F84C3 /* BucketName.swift */; };
		94A0FE07235D86EA009F84C3 /* MessagesViewModel.swift in Sources */ = {isa = PBXBuildFile; fileRef = 94A0FE06235D86EA009F84C3 /* MessagesViewModel.swift */; };
		94A0FE46235D914F009F84C3 /* CommonTools.h in Headers */ = {isa = PBXBuildFile; fileRef = 94A0FE44235D914F009F84C3 /* CommonTools.h */; settings = {ATTRIBUTES = (Public, ); }; };
		94A0FE49235D914F009F84C3 /* CommonTools.framework in Frameworks */ = {isa = PBXBuildFile; fileRef = 94A0FE42235D914F009F84C3 /* CommonTools.framework */; };
		94A0FE4A235D914F009F84C3 /* CommonTools.framework in Embed Frameworks */ = {isa = PBXBuildFile; fileRef = 94A0FE42235D914F009F84C3 /* CommonTools.framework */; settings = {ATTRIBUTES = (CodeSignOnCopy, RemoveHeadersOnCopy, ); }; };
		94A0FE4E235D915C009F84C3 /* EasyColor.swift in Sources */ = {isa = PBXBuildFile; fileRef = 94F75E862356BFBA00D361DA /* EasyColor.swift */; };
		94A0FE4F235D915C009F84C3 /* ExtensionTools.swift in Sources */ = {isa = PBXBuildFile; fileRef = 9444E751235965510036E1D6 /* ExtensionTools.swift */; };
		94A0FE50235D915C009F84C3 /* Log.swift in Sources */ = {isa = PBXBuildFile; fileRef = 94429D1B2351CCD100045E56 /* Log.swift */; };
		94A0FE51235D915C009F84C3 /* Environment.swift in Sources */ = {isa = PBXBuildFile; fileRef = 94AF30082351CF8400A776E0 /* Environment.swift */; };
		94A903FA235FE700007E54D3 /* EXVoiceMessageContent.swift in Sources */ = {isa = PBXBuildFile; fileRef = 94A903F9235FE700007E54D3 /* EXVoiceMessageContent.swift */; };
		94A903FC235FEDEA007E54D3 /* EXMessage.swift in Sources */ = {isa = PBXBuildFile; fileRef = 94A903FB235FEDEA007E54D3 /* EXMessage.swift */; };
		94A90403236032AC007E54D3 /* ppt2.png in Resources */ = {isa = PBXBuildFile; fileRef = 94A903FE236032AC007E54D3 /* ppt2.png */; };
		94A90404236032AC007E54D3 /* ppt3.png in Resources */ = {isa = PBXBuildFile; fileRef = 94A903FF236032AC007E54D3 /* ppt3.png */; };
		94A90405236032AC007E54D3 /* ppt4.png in Resources */ = {isa = PBXBuildFile; fileRef = 94A90400236032AC007E54D3 /* ppt4.png */; };
		94A90406236032AC007E54D3 /* ppt1.png in Resources */ = {isa = PBXBuildFile; fileRef = 94A90401236032AC007E54D3 /* ppt1.png */; };
		94A90407236032AC007E54D3 /* ppt5.png in Resources */ = {isa = PBXBuildFile; fileRef = 94A90402236032AC007E54D3 /* ppt5.png */; };
		94A90409236032F1007E54D3 /* CoursewareView.swift in Sources */ = {isa = PBXBuildFile; fileRef = 94A90408236032F1007E54D3 /* CoursewareView.swift */; };
		94A9040B23603505007E54D3 /* CoursewareCell.swift in Sources */ = {isa = PBXBuildFile; fileRef = 94A9040A23603505007E54D3 /* CoursewareCell.swift */; };
		94A9040D23604CD2007E54D3 /* ChatSettingsView.swift in Sources */ = {isa = PBXBuildFile; fileRef = 94A9040C23604CD2007E54D3 /* ChatSettingsView.swift */; };
		94A9040F23605C70007E54D3 /* AudioRateView.swift in Sources */ = {isa = PBXBuildFile; fileRef = 94A9040E23605C70007E54D3 /* AudioRateView.swift */; };
		94AF300B2351DD3D00A776E0 /* TIMConnectstatus.swift in Sources */ = {isa = PBXBuildFile; fileRef = 94AF300A2351DD3D00A776E0 /* TIMConnectstatus.swift */; };
		94AF300D2351ED7600A776E0 /* MessageTableView.swift in Sources */ = {isa = PBXBuildFile; fileRef = 94AF300C2351ED7600A776E0 /* MessageTableView.swift */; };
		94C2F9B423618DAC009F74A0 /* BaseNavigationController.swift in Sources */ = {isa = PBXBuildFile; fileRef = 94C2F9B323618DAC009F74A0 /* BaseNavigationController.swift */; };
		94C5396C2355592600D90C36 /* PlayerError.swift in Sources */ = {isa = PBXBuildFile; fileRef = 94C5396B2355592600D90C36 /* PlayerError.swift */; };
		94C539712355AC8500D90C36 /* TICResult.swift in Sources */ = {isa = PBXBuildFile; fileRef = 94C539702355AC8500D90C36 /* TICResult.swift */; };
		94C539742355BEB500D90C36 /* TextMessageCell.swift in Sources */ = {isa = PBXBuildFile; fileRef = 94C539732355BEB500D90C36 /* TextMessageCell.swift */; };
		94C539762355E44A00D90C36 /* VoiceMessageCell.swift in Sources */ = {isa = PBXBuildFile; fileRef = 94C539752355E44A00D90C36 /* VoiceMessageCell.swift */; };
		94C539782355F56A00D90C36 /* AudioRecordView.swift in Sources */ = {isa = PBXBuildFile; fileRef = 94C539772355F56A00D90C36 /* AudioRecordView.swift */; };
		94CB51BB235EE172001F7CF3 /* MessageFileDownloader.swift in Sources */ = {isa = PBXBuildFile; fileRef = 94CB51BA235EE172001F7CF3 /* MessageFileDownloader.swift */; };
		94CB51BD235EE28F001F7CF3 /* OSSDownloader.swift in Sources */ = {isa = PBXBuildFile; fileRef = 94CB51BC235EE28F001F7CF3 /* OSSDownloader.swift */; };
		94CB51BF235EF342001F7CF3 /* VoiceMessagePlayer.swift in Sources */ = {isa = PBXBuildFile; fileRef = 94CB51BE235EF342001F7CF3 /* VoiceMessagePlayer.swift */; };
		94CEE506235D98350040A4AC /* COSwiftExtension.h in Headers */ = {isa = PBXBuildFile; fileRef = 94CEE504235D98350040A4AC /* COSwiftExtension.h */; settings = {ATTRIBUTES = (Public, ); }; };
		94CEE509235D98350040A4AC /* COSwiftExtension.framework in Frameworks */ = {isa = PBXBuildFile; fileRef = 94CEE502235D98350040A4AC /* COSwiftExtension.framework */; };
		94CEE50A235D98350040A4AC /* COSwiftExtension.framework in Embed Frameworks */ = {isa = PBXBuildFile; fileRef = 94CEE502235D98350040A4AC /* COSwiftExtension.framework */; settings = {ATTRIBUTES = (CodeSignOnCopy, RemoveHeadersOnCopy, ); }; };
		94CEE520235D98E40040A4AC /* COSwiftExtension.swift in Sources */ = {isa = PBXBuildFile; fileRef = 94CEE51F235D98E40040A4AC /* COSwiftExtension.swift */; };
		94CEE52A235DA02D0040A4AC /* EasyTIM.h in Headers */ = {isa = PBXBuildFile; fileRef = 94CEE528235DA02D0040A4AC /* EasyTIM.h */; settings = {ATTRIBUTES = (Public, ); }; };
		94CEE52D235DA02D0040A4AC /* EasyTIM.framework in Frameworks */ = {isa = PBXBuildFile; fileRef = 94CEE526235DA02C0040A4AC /* EasyTIM.framework */; };
		94CEE52E235DA02D0040A4AC /* EasyTIM.framework in Embed Frameworks */ = {isa = PBXBuildFile; fileRef = 94CEE526235DA02C0040A4AC /* EasyTIM.framework */; settings = {ATTRIBUTES = (CodeSignOnCopy, RemoveHeadersOnCopy, ); }; };
		94CEE534235DA0760040A4AC /* TIMExtension.swift in Sources */ = {isa = PBXBuildFile; fileRef = 94CEE533235DA0760040A4AC /* TIMExtension.swift */; };
		94CEE537235DA8CA0040A4AC /* TextMessageContent.m in Sources */ = {isa = PBXBuildFile; fileRef = 94CEE536235DA8CA0040A4AC /* TextMessageContent.m */; };
		94F1E7CF23583F38004E882E /* OSSLoader.swift in Sources */ = {isa = PBXBuildFile; fileRef = 94F1E7CE23583F38004E882E /* OSSLoader.swift */; };
		94F1E7D323584354004E882E /* Secrets.swift in Sources */ = {isa = PBXBuildFile; fileRef = 94F1E7D223584354004E882E /* Secrets.swift */; };
		94F1E7D523584AD3004E882E /* OSSManager.swift in Sources */ = {isa = PBXBuildFile; fileRef = 94F1E7D423584AD3004E882E /* OSSManager.swift */; };
		94F1E7D7235852C5004E882E /* OSSError.swift in Sources */ = {isa = PBXBuildFile; fileRef = 94F1E7D6235852C5004E882E /* OSSError.swift */; };
		94F1E7D923585849004E882E /* OSSUploader.swift in Sources */ = {isa = PBXBuildFile; fileRef = 94F1E7D823585849004E882E /* OSSUploader.swift */; };
		94F1E7DB23585890004E882E /* OSSLoaderDelegate.swift in Sources */ = {isa = PBXBuildFile; fileRef = 94F1E7DA23585890004E882E /* OSSLoaderDelegate.swift */; };
		94F1E7E423587995004E882E /* VoiceMessageContent.m in Sources */ = {isa = PBXBuildFile; fileRef = 94F1E7E323587995004E882E /* VoiceMessageContent.m */; };
		94F1E7E7235879A7004E882E /* MessageContent.m in Sources */ = {isa = PBXBuildFile; fileRef = 94F1E7E6235879A7004E882E /* MessageContent.m */; };
		94F75E892356C92900D361DA /* AuditionView.swift in Sources */ = {isa = PBXBuildFile; fileRef = 94F75E882356C92900D361DA /* AuditionView.swift */; };
		94F75E8B2356C94700D361DA /* AuditionView.xib in Resources */ = {isa = PBXBuildFile; fileRef = 94F75E8A2356C94700D361DA /* AuditionView.xib */; };
		94F75E8F2357007800D361DA /* ChatViewModel.swift in Sources */ = {isa = PBXBuildFile; fileRef = 94F75E8E2357007800D361DA /* ChatViewModel.swift */; };
		94F75E93235700CE00D361DA /* Pathes.swift in Sources */ = {isa = PBXBuildFile; fileRef = 94F75E92235700CE00D361DA /* Pathes.swift */; };
		BB2F8CDEE60ECCA3E875B631 /* libPods-TIMKitDemoTests.a in Frameworks */ = {isa = PBXBuildFile; fileRef = 88BD02857579E5D0F3687AD6 /* libPods-TIMKitDemoTests.a */; };
		FD399CE4D48C8C95E39B039A /* libPods-VoiceConverter.a in Frameworks */ = {isa = PBXBuildFile; fileRef = 481FA43492057336889B9CFB /* libPods-VoiceConverter.a */; };
/* End PBXBuildFile section */

/* Begin PBXContainerItemProxy section */
		946773F7235451B40037D2C8 /* PBXContainerItemProxy */ = {
			isa = PBXContainerItemProxy;
			containerPortal = 94429CF12351B8D900045E56 /* Project object */;
			proxyType = 1;
			remoteGlobalIDString = 946773F1235451B40037D2C8;
			remoteInfo = VoiceConverter;
		};
		94677441235477BB0037D2C8 /* PBXContainerItemProxy */ = {
			isa = PBXContainerItemProxy;
			containerPortal = 94429CF12351B8D900045E56 /* Project object */;
			proxyType = 1;
			remoteGlobalIDString = 94429CF82351B8D900045E56;
			remoteInfo = TIMKitDemo;
		};
		94A0FE47235D914F009F84C3 /* PBXContainerItemProxy */ = {
			isa = PBXContainerItemProxy;
			containerPortal = 94429CF12351B8D900045E56 /* Project object */;
			proxyType = 1;
			remoteGlobalIDString = 94A0FE41235D914F009F84C3;
			remoteInfo = CommonTools;
		};
		94CEE507235D98350040A4AC /* PBXContainerItemProxy */ = {
			isa = PBXContainerItemProxy;
			containerPortal = 94429CF12351B8D900045E56 /* Project object */;
			proxyType = 1;
			remoteGlobalIDString = 94CEE501235D98350040A4AC;
			remoteInfo = COSwiftExtension;
		};
		94CEE52B235DA02D0040A4AC /* PBXContainerItemProxy */ = {
			isa = PBXContainerItemProxy;
			containerPortal = 94429CF12351B8D900045E56 /* Project object */;
			proxyType = 1;
			remoteGlobalIDString = 94CEE525235DA02C0040A4AC;
			remoteInfo = EasyTIM;
		};
/* End PBXContainerItemProxy section */

/* Begin PBXCopyFilesBuildPhase section */
		946773FE235451B40037D2C8 /* Embed Frameworks */ = {
			isa = PBXCopyFilesBuildPhase;
			buildActionMask = 2147483647;
			dstPath = "";
			dstSubfolderSpec = 10;
			files = (
				946773FA235451B40037D2C8 /* VoiceConverter.framework in Embed Frameworks */,
				94CEE52E235DA02D0040A4AC /* EasyTIM.framework in Embed Frameworks */,
				94A0FE4A235D914F009F84C3 /* CommonTools.framework in Embed Frameworks */,
				94CEE50A235D98350040A4AC /* COSwiftExtension.framework in Embed Frameworks */,
			);
			name = "Embed Frameworks";
			runOnlyForDeploymentPostprocessing = 0;
		};
/* End PBXCopyFilesBuildPhase section */

/* Begin PBXFileReference section */
		0F31EF862A9442151C67255B /* Pods-TIMKitDemoTests.debug.xcconfig */ = {isa = PBXFileReference; includeInIndex = 1; lastKnownFileType = text.xcconfig; name = "Pods-TIMKitDemoTests.debug.xcconfig"; path = "Target Support Files/Pods-TIMKitDemoTests/Pods-TIMKitDemoTests.debug.xcconfig"; sourceTree = "<group>"; };
		1885E51CEB11ADDEA3D5C01D /* libPods-TIMKitDemo.a */ = {isa = PBXFileReference; explicitFileType = archive.ar; includeInIndex = 0; path = "libPods-TIMKitDemo.a"; sourceTree = BUILT_PRODUCTS_DIR; };
		215928D7F86E73D60801D464 /* Pods-TIMKitDemo.release.xcconfig */ = {isa = PBXFileReference; includeInIndex = 1; lastKnownFileType = text.xcconfig; name = "Pods-TIMKitDemo.release.xcconfig"; path = "Target Support Files/Pods-TIMKitDemo/Pods-TIMKitDemo.release.xcconfig"; sourceTree = "<group>"; };
		3133F8266729CC195EC46CCC /* Pods-COSwiftExtension.release.xcconfig */ = {isa = PBXFileReference; includeInIndex = 1; lastKnownFileType = text.xcconfig; name = "Pods-COSwiftExtension.release.xcconfig"; path = "Target Support Files/Pods-COSwiftExtension/Pods-COSwiftExtension.release.xcconfig"; sourceTree = "<group>"; };
		481FA43492057336889B9CFB /* libPods-VoiceConverter.a */ = {isa = PBXFileReference; explicitFileType = archive.ar; includeInIndex = 0; path = "libPods-VoiceConverter.a"; sourceTree = BUILT_PRODUCTS_DIR; };
		4D9E3DC71057BDE205B593DC /* Pods-CommonTools.debug.xcconfig */ = {isa = PBXFileReference; includeInIndex = 1; lastKnownFileType = text.xcconfig; name = "Pods-CommonTools.debug.xcconfig"; path = "Target Support Files/Pods-CommonTools/Pods-CommonTools.debug.xcconfig"; sourceTree = "<group>"; };
		52B375353601CB3DEE8DC6CF /* Pods-CommonTools.release.xcconfig */ = {isa = PBXFileReference; includeInIndex = 1; lastKnownFileType = text.xcconfig; name = "Pods-CommonTools.release.xcconfig"; path = "Target Support Files/Pods-CommonTools/Pods-CommonTools.release.xcconfig"; sourceTree = "<group>"; };
		5C10DF81DC3DDBD679464EA5 /* libPods-COSwiftExtension.a */ = {isa = PBXFileReference; explicitFileType = archive.ar; includeInIndex = 0; path = "libPods-COSwiftExtension.a"; sourceTree = BUILT_PRODUCTS_DIR; };
		629CCA3E21989790AFF5D1C1 /* Pods-COSwiftExtension.debug.xcconfig */ = {isa = PBXFileReference; includeInIndex = 1; lastKnownFileType = text.xcconfig; name = "Pods-COSwiftExtension.debug.xcconfig"; path = "Target Support Files/Pods-COSwiftExtension/Pods-COSwiftExtension.debug.xcconfig"; sourceTree = "<group>"; };
		7B3AF437C9A7AC9419348DDD /* Pods-TIMKitDemoTests.release.xcconfig */ = {isa = PBXFileReference; includeInIndex = 1; lastKnownFileType = text.xcconfig; name = "Pods-TIMKitDemoTests.release.xcconfig"; path = "Target Support Files/Pods-TIMKitDemoTests/Pods-TIMKitDemoTests.release.xcconfig"; sourceTree = "<group>"; };
		8025F3F8E7137FD2AD3E670F /* Pods-VoiceConverter.debug.xcconfig */ = {isa = PBXFileReference; includeInIndex = 1; lastKnownFileType = text.xcconfig; name = "Pods-VoiceConverter.debug.xcconfig"; path = "Target Support Files/Pods-VoiceConverter/Pods-VoiceConverter.debug.xcconfig"; sourceTree = "<group>"; };
		88BD02857579E5D0F3687AD6 /* libPods-TIMKitDemoTests.a */ = {isa = PBXFileReference; explicitFileType = archive.ar; includeInIndex = 0; path = "libPods-TIMKitDemoTests.a"; sourceTree = BUILT_PRODUCTS_DIR; };
		94429CF92351B8D900045E56 /* TIMKitDemo.app */ = {isa = PBXFileReference; explicitFileType = wrapper.application; includeInIndex = 0; path = TIMKitDemo.app; sourceTree = BUILT_PRODUCTS_DIR; };
		94429CFC2351B8D900045E56 /* AppDelegate.swift */ = {isa = PBXFileReference; lastKnownFileType = sourcecode.swift; path = AppDelegate.swift; sourceTree = "<group>"; };
		94429CFE2351B8D900045E56 /* SceneDelegate.swift */ = {isa = PBXFileReference; lastKnownFileType = sourcecode.swift; path = SceneDelegate.swift; sourceTree = "<group>"; };
		94429D002351B8D900045E56 /* ViewController.swift */ = {isa = PBXFileReference; lastKnownFileType = sourcecode.swift; path = ViewController.swift; sourceTree = "<group>"; };
		94429D032351B8D900045E56 /* Base */ = {isa = PBXFileReference; lastKnownFileType = file.storyboard; name = Base; path = Base.lproj/Main.storyboard; sourceTree = "<group>"; };
		94429D052351B8D900045E56 /* Assets.xcassets */ = {isa = PBXFileReference; lastKnownFileType = folder.assetcatalog; path = Assets.xcassets; sourceTree = "<group>"; };
		94429D082351B8D900045E56 /* Base */ = {isa = PBXFileReference; lastKnownFileType = file.storyboard; name = Base; path = Base.lproj/LaunchScreen.storyboard; sourceTree = "<group>"; };
		94429D0A2351B8D900045E56 /* Info.plist */ = {isa = PBXFileReference; lastKnownFileType = text.plist.xml; path = Info.plist; sourceTree = "<group>"; };
		94429D132351BAC400045E56 /* TIMKitDemo-Bridging-Header.h */ = {isa = PBXFileReference; lastKnownFileType = sourcecode.c.h; path = "TIMKitDemo-Bridging-Header.h"; sourceTree = "<group>"; };
		94429D162351C31100045E56 /* MessageViewController.swift */ = {isa = PBXFileReference; lastKnownFileType = sourcecode.swift; path = MessageViewController.swift; sourceTree = "<group>"; };
		94429D182351C8A200045E56 /* MessageCell.swift */ = {isa = PBXFileReference; lastKnownFileType = sourcecode.swift; path = MessageCell.swift; sourceTree = "<group>"; };
		94429D1B2351CCD100045E56 /* Log.swift */ = {isa = PBXFileReference; lastKnownFileType = sourcecode.swift; path = Log.swift; sourceTree = "<group>"; };
		9444E747235956A00036E1D6 /* MessageType.h */ = {isa = PBXFileReference; lastKnownFileType = sourcecode.c.h; path = MessageType.h; sourceTree = "<group>"; };
		9444E748235961EC0036E1D6 /* TIMCustomElem+Parser.h */ = {isa = PBXFileReference; lastKnownFileType = sourcecode.c.h; path = "TIMCustomElem+Parser.h"; sourceTree = "<group>"; };
		9444E749235961EC0036E1D6 /* TIMCustomElem+Parser.m */ = {isa = PBXFileReference; lastKnownFileType = sourcecode.c.objc; path = "TIMCustomElem+Parser.m"; sourceTree = "<group>"; };
		9444E751235965510036E1D6 /* ExtensionTools.swift */ = {isa = PBXFileReference; lastKnownFileType = sourcecode.swift; path = ExtensionTools.swift; sourceTree = "<group>"; };
		9444E7532359697C0036E1D6 /* MessageContentParser.swift */ = {isa = PBXFileReference; lastKnownFileType = sourcecode.swift; path = MessageContentParser.swift; sourceTree = "<group>"; };
		946773B2235408770037D2C8 /* BaseViewController.swift */ = {isa = PBXFileReference; lastKnownFileType = sourcecode.swift; path = BaseViewController.swift; sourceTree = "<group>"; };
		946773B4235409E70037D2C8 /* LoadingView.swift */ = {isa = PBXFileReference; lastKnownFileType = sourcecode.swift; path = LoadingView.swift; sourceTree = "<group>"; };
		946773B623540BB30037D2C8 /* ChatViewController.swift */ = {isa = PBXFileReference; lastKnownFileType = sourcecode.swift; path = ChatViewController.swift; sourceTree = "<group>"; };
		946773B823540BF20037D2C8 /* MessageInputView.swift */ = {isa = PBXFileReference; lastKnownFileType = sourcecode.swift; path = MessageInputView.swift; sourceTree = "<group>"; };
		946773BC23540D7B0037D2C8 /* MessageInputBar.swift */ = {isa = PBXFileReference; lastKnownFileType = sourcecode.swift; path = MessageInputBar.swift; sourceTree = "<group>"; };
		946773BE235416000037D2C8 /* MessageInputMenuView.swift */ = {isa = PBXFileReference; lastKnownFileType = sourcecode.swift; path = MessageInputMenuView.swift; sourceTree = "<group>"; };
		946773C02354160D0037D2C8 /* MessageMenu.swift */ = {isa = PBXFileReference; lastKnownFileType = sourcecode.swift; path = MessageMenu.swift; sourceTree = "<group>"; };
		946773C22354163F0037D2C8 /* AudioRecorder.swift */ = {isa = PBXFileReference; lastKnownFileType = sourcecode.swift; path = AudioRecorder.swift; sourceTree = "<group>"; };
		946773F2235451B40037D2C8 /* VoiceConverter.framework */ = {isa = PBXFileReference; explicitFileType = wrapper.framework; includeInIndex = 0; path = VoiceConverter.framework; sourceTree = BUILT_PRODUCTS_DIR; };
		946773F5235451B40037D2C8 /* Info.plist */ = {isa = PBXFileReference; lastKnownFileType = text.plist.xml; path = Info.plist; sourceTree = "<group>"; };
		946773FF235451D70037D2C8 /* EMVoiceConverter.mm */ = {isa = PBXFileReference; fileEncoding = 4; lastKnownFileType = sourcecode.cpp.objcpp; path = EMVoiceConverter.mm; sourceTree = "<group>"; };
		94677400235451D70037D2C8 /* EMVoiceConverter.h */ = {isa = PBXFileReference; fileEncoding = 4; lastKnownFileType = sourcecode.c.h; path = EMVoiceConverter.h; sourceTree = "<group>"; };
		94677403235451E70037D2C8 /* VoiceConverter.h */ = {isa = PBXFileReference; fileEncoding = 4; lastKnownFileType = sourcecode.c.h; path = VoiceConverter.h; sourceTree = "<group>"; };
		946774052354520B0037D2C8 /* wav.h */ = {isa = PBXFileReference; fileEncoding = 4; lastKnownFileType = sourcecode.c.h; path = wav.h; sourceTree = "<group>"; };
		946774062354520B0037D2C8 /* wav.mm */ = {isa = PBXFileReference; fileEncoding = 4; lastKnownFileType = sourcecode.cpp.objcpp; path = wav.mm; sourceTree = "<group>"; };
		946774092354522F0037D2C8 /* interf_enc.h */ = {isa = PBXFileReference; lastKnownFileType = sourcecode.c.h; path = interf_enc.h; sourceTree = "<group>"; };
		9467740A2354522F0037D2C8 /* amrFileCodec.mm */ = {isa = PBXFileReference; lastKnownFileType = sourcecode.cpp.objcpp; path = amrFileCodec.mm; sourceTree = "<group>"; };
		9467740B2354522F0037D2C8 /* amrFileCodec.h */ = {isa = PBXFileReference; lastKnownFileType = sourcecode.c.h; path = amrFileCodec.h; sourceTree = "<group>"; };
		9467740C235452300037D2C8 /* interf_dec.h */ = {isa = PBXFileReference; lastKnownFileType = sourcecode.c.h; path = interf_dec.h; sourceTree = "<group>"; };
		9467740E2354523B0037D2C8 /* dec_if.h */ = {isa = PBXFileReference; fileEncoding = 4; lastKnownFileType = sourcecode.c.h; path = dec_if.h; sourceTree = "<group>"; };
		94677410235453F90037D2C8 /* libopencore-amrnb.a */ = {isa = PBXFileReference; lastKnownFileType = archive.ar; path = "libopencore-amrnb.a"; sourceTree = "<group>"; };
		94677411235453FA0037D2C8 /* libopencore-amrwb.a */ = {isa = PBXFileReference; lastKnownFileType = archive.ar; path = "libopencore-amrwb.a"; sourceTree = "<group>"; };
		94677414235454740037D2C8 /* THelper.m */ = {isa = PBXFileReference; fileEncoding = 4; lastKnownFileType = sourcecode.c.objc; path = THelper.m; sourceTree = "<group>"; };
		94677415235454740037D2C8 /* THelper.h */ = {isa = PBXFileReference; fileEncoding = 4; lastKnownFileType = sourcecode.c.h; path = THelper.h; sourceTree = "<group>"; };
		94677417235463520037D2C8 /* GenerateTestUserSig.m */ = {isa = PBXFileReference; fileEncoding = 4; lastKnownFileType = sourcecode.c.objc; path = GenerateTestUserSig.m; sourceTree = "<group>"; };
		94677418235463520037D2C8 /* GenerateTestUserSig.h */ = {isa = PBXFileReference; fileEncoding = 4; lastKnownFileType = sourcecode.c.h; path = GenerateTestUserSig.h; sourceTree = "<group>"; };
		9467741A235469C40037D2C8 /* RecorderError.swift */ = {isa = PBXFileReference; lastKnownFileType = sourcecode.swift; path = RecorderError.swift; sourceTree = "<group>"; };
		9467743C235477BB0037D2C8 /* TIMKitDemoTests.xctest */ = {isa = PBXFileReference; explicitFileType = wrapper.cfbundle; includeInIndex = 0; path = TIMKitDemoTests.xctest; sourceTree = BUILT_PRODUCTS_DIR; };
		9467743E235477BB0037D2C8 /* TIMKitDemoTests.swift */ = {isa = PBXFileReference; lastKnownFileType = sourcecode.swift; path = TIMKitDemoTests.swift; sourceTree = "<group>"; };
		94677440235477BB0037D2C8 /* Info.plist */ = {isa = PBXFileReference; lastKnownFileType = text.plist.xml; path = Info.plist; sourceTree = "<group>"; };
		946A969B235DD278000EEF95 /* MessageFileUploader.swift */ = {isa = PBXFileReference; lastKnownFileType = sourcecode.swift; path = MessageFileUploader.swift; sourceTree = "<group>"; };
		946A969D235DD30A000EEF95 /* MessageFileLoaderDelegate.swift */ = {isa = PBXFileReference; lastKnownFileType = sourcecode.swift; path = MessageFileLoaderDelegate.swift; sourceTree = "<group>"; };
		9471F00223548195004E595F /* AudioPlayer.swift */ = {isa = PBXFileReference; lastKnownFileType = sourcecode.swift; path = AudioPlayer.swift; sourceTree = "<group>"; };
		9471F00523548FD7004E595F /* AudioRecordButton.swift */ = {isa = PBXFileReference; lastKnownFileType = sourcecode.swift; path = AudioRecordButton.swift; sourceTree = "<group>"; };
		94A0FE04235D48ED009F84C3 /* BucketName.swift */ = {isa = PBXFileReference; lastKnownFileType = sourcecode.swift; path = BucketName.swift; sourceTree = "<group>"; };
		94A0FE06235D86EA009F84C3 /* MessagesViewModel.swift */ = {isa = PBXFileReference; lastKnownFileType = sourcecode.swift; path = MessagesViewModel.swift; sourceTree = "<group>"; };
		94A0FE42235D914F009F84C3 /* CommonTools.framework */ = {isa = PBXFileReference; explicitFileType = wrapper.framework; includeInIndex = 0; path = CommonTools.framework; sourceTree = BUILT_PRODUCTS_DIR; };
		94A0FE44235D914F009F84C3 /* CommonTools.h */ = {isa = PBXFileReference; lastKnownFileType = sourcecode.c.h; path = CommonTools.h; sourceTree = "<group>"; };
		94A0FE45235D914F009F84C3 /* Info.plist */ = {isa = PBXFileReference; lastKnownFileType = text.plist.xml; path = Info.plist; sourceTree = "<group>"; };
		94A903F9235FE700007E54D3 /* EXVoiceMessageContent.swift */ = {isa = PBXFileReference; lastKnownFileType = sourcecode.swift; path = EXVoiceMessageContent.swift; sourceTree = "<group>"; };
		94A903FB235FEDEA007E54D3 /* EXMessage.swift */ = {isa = PBXFileReference; lastKnownFileType = sourcecode.swift; path = EXMessage.swift; sourceTree = "<group>"; };
		94A903FE236032AC007E54D3 /* ppt2.png */ = {isa = PBXFileReference; lastKnownFileType = image.png; path = ppt2.png; sourceTree = "<group>"; };
		94A903FF236032AC007E54D3 /* ppt3.png */ = {isa = PBXFileReference; lastKnownFileType = image.png; path = ppt3.png; sourceTree = "<group>"; };
		94A90400236032AC007E54D3 /* ppt4.png */ = {isa = PBXFileReference; lastKnownFileType = image.png; path = ppt4.png; sourceTree = "<group>"; };
		94A90401236032AC007E54D3 /* ppt1.png */ = {isa = PBXFileReference; lastKnownFileType = image.png; path = ppt1.png; sourceTree = "<group>"; };
		94A90402236032AC007E54D3 /* ppt5.png */ = {isa = PBXFileReference; lastKnownFileType = image.png; path = ppt5.png; sourceTree = "<group>"; };
		94A90408236032F1007E54D3 /* CoursewareView.swift */ = {isa = PBXFileReference; lastKnownFileType = sourcecode.swift; path = CoursewareView.swift; sourceTree = "<group>"; };
		94A9040A23603505007E54D3 /* CoursewareCell.swift */ = {isa = PBXFileReference; lastKnownFileType = sourcecode.swift; path = CoursewareCell.swift; sourceTree = "<group>"; };
		94A9040C23604CD2007E54D3 /* ChatSettingsView.swift */ = {isa = PBXFileReference; lastKnownFileType = sourcecode.swift; path = ChatSettingsView.swift; sourceTree = "<group>"; };
		94A9040E23605C70007E54D3 /* AudioRateView.swift */ = {isa = PBXFileReference; lastKnownFileType = sourcecode.swift; path = AudioRateView.swift; sourceTree = "<group>"; };
		94AF30082351CF8400A776E0 /* Environment.swift */ = {isa = PBXFileReference; lastKnownFileType = sourcecode.swift; path = Environment.swift; sourceTree = "<group>"; };
		94AF300A2351DD3D00A776E0 /* TIMConnectstatus.swift */ = {isa = PBXFileReference; lastKnownFileType = sourcecode.swift; path = TIMConnectstatus.swift; sourceTree = "<group>"; };
		94AF300C2351ED7600A776E0 /* MessageTableView.swift */ = {isa = PBXFileReference; lastKnownFileType = sourcecode.swift; path = MessageTableView.swift; sourceTree = "<group>"; };
		94C2F9B323618DAC009F74A0 /* BaseNavigationController.swift */ = {isa = PBXFileReference; lastKnownFileType = sourcecode.swift; path = BaseNavigationController.swift; sourceTree = "<group>"; };
		94C5396B2355592600D90C36 /* PlayerError.swift */ = {isa = PBXFileReference; lastKnownFileType = sourcecode.swift; path = PlayerError.swift; sourceTree = "<group>"; };
		94C539702355AC8500D90C36 /* TICResult.swift */ = {isa = PBXFileReference; lastKnownFileType = sourcecode.swift; path = TICResult.swift; sourceTree = "<group>"; };
		94C539732355BEB500D90C36 /* TextMessageCell.swift */ = {isa = PBXFileReference; lastKnownFileType = sourcecode.swift; path = TextMessageCell.swift; sourceTree = "<group>"; };
		94C539752355E44A00D90C36 /* VoiceMessageCell.swift */ = {isa = PBXFileReference; lastKnownFileType = sourcecode.swift; path = VoiceMessageCell.swift; sourceTree = "<group>"; };
		94C539772355F56A00D90C36 /* AudioRecordView.swift */ = {isa = PBXFileReference; lastKnownFileType = sourcecode.swift; path = AudioRecordView.swift; sourceTree = "<group>"; };
		94CB51BA235EE172001F7CF3 /* MessageFileDownloader.swift */ = {isa = PBXFileReference; lastKnownFileType = sourcecode.swift; path = MessageFileDownloader.swift; sourceTree = "<group>"; };
		94CB51BC235EE28F001F7CF3 /* OSSDownloader.swift */ = {isa = PBXFileReference; lastKnownFileType = sourcecode.swift; path = OSSDownloader.swift; sourceTree = "<group>"; };
		94CB51BE235EF342001F7CF3 /* VoiceMessagePlayer.swift */ = {isa = PBXFileReference; lastKnownFileType = sourcecode.swift; path = VoiceMessagePlayer.swift; sourceTree = "<group>"; };
		94CEE502235D98350040A4AC /* COSwiftExtension.framework */ = {isa = PBXFileReference; explicitFileType = wrapper.framework; includeInIndex = 0; path = COSwiftExtension.framework; sourceTree = BUILT_PRODUCTS_DIR; };
		94CEE504235D98350040A4AC /* COSwiftExtension.h */ = {isa = PBXFileReference; lastKnownFileType = sourcecode.c.h; path = COSwiftExtension.h; sourceTree = "<group>"; };
		94CEE505235D98350040A4AC /* Info.plist */ = {isa = PBXFileReference; lastKnownFileType = text.plist.xml; path = Info.plist; sourceTree = "<group>"; };
		94CEE51F235D98E40040A4AC /* COSwiftExtension.swift */ = {isa = PBXFileReference; lastKnownFileType = sourcecode.swift; path = COSwiftExtension.swift; sourceTree = "<group>"; };
		94CEE526235DA02C0040A4AC /* EasyTIM.framework */ = {isa = PBXFileReference; explicitFileType = wrapper.framework; includeInIndex = 0; path = EasyTIM.framework; sourceTree = BUILT_PRODUCTS_DIR; };
		94CEE528235DA02D0040A4AC /* EasyTIM.h */ = {isa = PBXFileReference; lastKnownFileType = sourcecode.c.h; path = EasyTIM.h; sourceTree = "<group>"; };
		94CEE529235DA02D0040A4AC /* Info.plist */ = {isa = PBXFileReference; lastKnownFileType = text.plist.xml; path = Info.plist; sourceTree = "<group>"; };
		94CEE533235DA0760040A4AC /* TIMExtension.swift */ = {isa = PBXFileReference; lastKnownFileType = sourcecode.swift; path = TIMExtension.swift; sourceTree = "<group>"; };
		94CEE535235DA8CA0040A4AC /* TextMessageContent.h */ = {isa = PBXFileReference; lastKnownFileType = sourcecode.c.h; path = TextMessageContent.h; sourceTree = "<group>"; };
		94CEE536235DA8CA0040A4AC /* TextMessageContent.m */ = {isa = PBXFileReference; lastKnownFileType = sourcecode.c.objc; path = TextMessageContent.m; sourceTree = "<group>"; };
		94F1E7CE23583F38004E882E /* OSSLoader.swift */ = {isa = PBXFileReference; lastKnownFileType = sourcecode.swift; path = OSSLoader.swift; sourceTree = "<group>"; };
		94F1E7D223584354004E882E /* Secrets.swift */ = {isa = PBXFileReference; lastKnownFileType = sourcecode.swift; path = Secrets.swift; sourceTree = "<group>"; };
		94F1E7D423584AD3004E882E /* OSSManager.swift */ = {isa = PBXFileReference; lastKnownFileType = sourcecode.swift; path = OSSManager.swift; sourceTree = "<group>"; };
		94F1E7D6235852C5004E882E /* OSSError.swift */ = {isa = PBXFileReference; lastKnownFileType = sourcecode.swift; path = OSSError.swift; sourceTree = "<group>"; };
		94F1E7D823585849004E882E /* OSSUploader.swift */ = {isa = PBXFileReference; lastKnownFileType = sourcecode.swift; path = OSSUploader.swift; sourceTree = "<group>"; };
		94F1E7DA23585890004E882E /* OSSLoaderDelegate.swift */ = {isa = PBXFileReference; lastKnownFileType = sourcecode.swift; path = OSSLoaderDelegate.swift; sourceTree = "<group>"; };
		94F1E7E223587995004E882E /* VoiceMessageContent.h */ = {isa = PBXFileReference; lastKnownFileType = sourcecode.c.h; path = VoiceMessageContent.h; sourceTree = "<group>"; };
		94F1E7E323587995004E882E /* VoiceMessageContent.m */ = {isa = PBXFileReference; lastKnownFileType = sourcecode.c.objc; path = VoiceMessageContent.m; sourceTree = "<group>"; };
		94F1E7E5235879A7004E882E /* MessageContent.h */ = {isa = PBXFileReference; lastKnownFileType = sourcecode.c.h; path = MessageContent.h; sourceTree = "<group>"; };
		94F1E7E6235879A7004E882E /* MessageContent.m */ = {isa = PBXFileReference; lastKnownFileType = sourcecode.c.objc; path = MessageContent.m; sourceTree = "<group>"; };
		94F1E7E8235887CE004E882E /* TIMKitDemo.h */ = {isa = PBXFileReference; lastKnownFileType = sourcecode.c.h; path = TIMKitDemo.h; sourceTree = "<group>"; };
		94F75E862356BFBA00D361DA /* EasyColor.swift */ = {isa = PBXFileReference; lastKnownFileType = sourcecode.swift; path = EasyColor.swift; sourceTree = "<group>"; };
		94F75E882356C92900D361DA /* AuditionView.swift */ = {isa = PBXFileReference; lastKnownFileType = sourcecode.swift; path = AuditionView.swift; sourceTree = "<group>"; };
		94F75E8A2356C94700D361DA /* AuditionView.xib */ = {isa = PBXFileReference; lastKnownFileType = file.xib; path = AuditionView.xib; sourceTree = "<group>"; };
		94F75E8E2357007800D361DA /* ChatViewModel.swift */ = {isa = PBXFileReference; lastKnownFileType = sourcecode.swift; path = ChatViewModel.swift; sourceTree = "<group>"; };
		94F75E92235700CE00D361DA /* Pathes.swift */ = {isa = PBXFileReference; lastKnownFileType = sourcecode.swift; path = Pathes.swift; sourceTree = "<group>"; };
		A2F22BB647741F1969699396 /* Pods-VoiceConverter.release.xcconfig */ = {isa = PBXFileReference; includeInIndex = 1; lastKnownFileType = text.xcconfig; name = "Pods-VoiceConverter.release.xcconfig"; path = "Target Support Files/Pods-VoiceConverter/Pods-VoiceConverter.release.xcconfig"; sourceTree = "<group>"; };
		B33CF423F14854C1FC62106C /* libPods-CommonTools.a */ = {isa = PBXFileReference; explicitFileType = archive.ar; includeInIndex = 0; path = "libPods-CommonTools.a"; sourceTree = BUILT_PRODUCTS_DIR; };
		B6D397BA90FEA01133DFACA2 /* Pods-TIMKitDemo.debug.xcconfig */ = {isa = PBXFileReference; includeInIndex = 1; lastKnownFileType = text.xcconfig; name = "Pods-TIMKitDemo.debug.xcconfig"; path = "Target Support Files/Pods-TIMKitDemo/Pods-TIMKitDemo.debug.xcconfig"; sourceTree = "<group>"; };
/* End PBXFileReference section */

/* Begin PBXFrameworksBuildPhase section */
		94429CF62351B8D900045E56 /* Frameworks */ = {
			isa = PBXFrameworksBuildPhase;
			buildActionMask = 2147483647;
			files = (
				946773F9235451B40037D2C8 /* VoiceConverter.framework in Frameworks */,
				935B4BA138369F64464411A9 /* libPods-TIMKitDemo.a in Frameworks */,
				94CEE52D235DA02D0040A4AC /* EasyTIM.framework in Frameworks */,
				94CEE509235D98350040A4AC /* COSwiftExtension.framework in Frameworks */,
				94A0FE49235D914F009F84C3 /* CommonTools.framework in Frameworks */,
			);
			runOnlyForDeploymentPostprocessing = 0;
		};
		946773EF235451B40037D2C8 /* Frameworks */ = {
			isa = PBXFrameworksBuildPhase;
			buildActionMask = 2147483647;
			files = (
				94677413235453FA0037D2C8 /* libopencore-amrwb.a in Frameworks */,
				94677412235453FA0037D2C8 /* libopencore-amrnb.a in Frameworks */,
				FD399CE4D48C8C95E39B039A /* libPods-VoiceConverter.a in Frameworks */,
			);
			runOnlyForDeploymentPostprocessing = 0;
		};
		94677439235477BB0037D2C8 /* Frameworks */ = {
			isa = PBXFrameworksBuildPhase;
			buildActionMask = 2147483647;
			files = (
				BB2F8CDEE60ECCA3E875B631 /* libPods-TIMKitDemoTests.a in Frameworks */,
			);
			runOnlyForDeploymentPostprocessing = 0;
		};
		94A0FE3F235D914F009F84C3 /* Frameworks */ = {
			isa = PBXFrameworksBuildPhase;
			buildActionMask = 2147483647;
			files = (
				472A3AF9E361B0623846AF7A /* libPods-CommonTools.a in Frameworks */,
			);
			runOnlyForDeploymentPostprocessing = 0;
		};
		94CEE4FF235D98350040A4AC /* Frameworks */ = {
			isa = PBXFrameworksBuildPhase;
			buildActionMask = 2147483647;
			files = (
				26F7C919832CC27B153BB537 /* libPods-COSwiftExtension.a in Frameworks */,
			);
			runOnlyForDeploymentPostprocessing = 0;
		};
		94CEE523235DA02C0040A4AC /* Frameworks */ = {
			isa = PBXFrameworksBuildPhase;
			buildActionMask = 2147483647;
			files = (
			);
			runOnlyForDeploymentPostprocessing = 0;
		};
/* End PBXFrameworksBuildPhase section */

/* Begin PBXGroup section */
		6898BA7CF65F019E18B312FB /* Frameworks */ = {
			isa = PBXGroup;
			children = (
				1885E51CEB11ADDEA3D5C01D /* libPods-TIMKitDemo.a */,
				88BD02857579E5D0F3687AD6 /* libPods-TIMKitDemoTests.a */,
				B33CF423F14854C1FC62106C /* libPods-CommonTools.a */,
				481FA43492057336889B9CFB /* libPods-VoiceConverter.a */,
				5C10DF81DC3DDBD679464EA5 /* libPods-COSwiftExtension.a */,
			);
			name = Frameworks;
			sourceTree = "<group>";
		};
		94429CF02351B8D900045E56 = {
			isa = PBXGroup;
			children = (
				94429CFB2351B8D900045E56 /* TIMKitDemo */,
				946773F3235451B40037D2C8 /* VoiceConverter */,
				9467743D235477BB0037D2C8 /* TIMKitDemoTests */,
				94A0FE43235D914F009F84C3 /* CommonTools */,
				94CEE503235D98350040A4AC /* COSwiftExtension */,
				94CEE527235DA02D0040A4AC /* EasyTIM */,
				94429CFA2351B8D900045E56 /* Products */,
				B94122ED042B78267D2FF493 /* Pods */,
				6898BA7CF65F019E18B312FB /* Frameworks */,
			);
			sourceTree = "<group>";
		};
		94429CFA2351B8D900045E56 /* Products */ = {
			isa = PBXGroup;
			children = (
				94429CF92351B8D900045E56 /* TIMKitDemo.app */,
				946773F2235451B40037D2C8 /* VoiceConverter.framework */,
				9467743C235477BB0037D2C8 /* TIMKitDemoTests.xctest */,
				94A0FE42235D914F009F84C3 /* CommonTools.framework */,
				94CEE502235D98350040A4AC /* COSwiftExtension.framework */,
				94CEE526235DA02C0040A4AC /* EasyTIM.framework */,
			);
			name = Products;
			sourceTree = "<group>";
		};
		94429CFB2351B8D900045E56 /* TIMKitDemo */ = {
			isa = PBXGroup;
			children = (
				94A903FD23603299007E54D3 /* resources */,
				94F1E7CD23583E02004E882E /* aliyun */,
				94429D1A2351CBA200045E56 /* tools */,
				94429D102351B95A00045E56 /* TIMKitCustom */,
				94429CFC2351B8D900045E56 /* AppDelegate.swift */,
				94429CFE2351B8D900045E56 /* SceneDelegate.swift */,
				94429D002351B8D900045E56 /* ViewController.swift */,
				94429D022351B8D900045E56 /* Main.storyboard */,
				94429D052351B8D900045E56 /* Assets.xcassets */,
				94429D072351B8D900045E56 /* LaunchScreen.storyboard */,
				94429D0A2351B8D900045E56 /* Info.plist */,
				94429D132351BAC400045E56 /* TIMKitDemo-Bridging-Header.h */,
				94F1E7E8235887CE004E882E /* TIMKitDemo.h */,
			);
			path = TIMKitDemo;
			sourceTree = "<group>";
		};
		94429D102351B95A00045E56 /* TIMKitCustom */ = {
			isa = PBXGroup;
			children = (
				94CB51C2235F362A001F7CF3 /* model */,
				94F75E91235700C000D361DA /* config */,
				94F75E8D2356FFB600D361DA /* ViewModel */,
				94F75E8C2356FFA000D361DA /* controller */,
				94C5396D235571E100D90C36 /* messages */,
				9471F00423548FBF004E595F /* view */,
				946773C523541A4D0037D2C8 /* tools */,
				946773B2235408770037D2C8 /* BaseViewController.swift */,
				946773B4235409E70037D2C8 /* LoadingView.swift */,
				94AF300A2351DD3D00A776E0 /* TIMConnectstatus.swift */,
				94AF300C2351ED7600A776E0 /* MessageTableView.swift */,
				946773BC23540D7B0037D2C8 /* MessageInputBar.swift */,
				946773B823540BF20037D2C8 /* MessageInputView.swift */,
				946773BE235416000037D2C8 /* MessageInputMenuView.swift */,
				946773C02354160D0037D2C8 /* MessageMenu.swift */,
				946773C22354163F0037D2C8 /* AudioRecorder.swift */,
				9467741A235469C40037D2C8 /* RecorderError.swift */,
				9471F00223548195004E595F /* AudioPlayer.swift */,
				94C5396B2355592600D90C36 /* PlayerError.swift */,
				94C539702355AC8500D90C36 /* TICResult.swift */,
				94C2F9B323618DAC009F74A0 /* BaseNavigationController.swift */,
			);
			name = TIMKitCustom;
			sourceTree = "<group>";
		};
		94429D1A2351CBA200045E56 /* tools */ = {
			isa = PBXGroup;
			children = (
				94677418235463520037D2C8 /* GenerateTestUserSig.h */,
				94677417235463520037D2C8 /* GenerateTestUserSig.m */,
				946A969B235DD278000EEF95 /* MessageFileUploader.swift */,
				94CB51BA235EE172001F7CF3 /* MessageFileDownloader.swift */,
				946A969D235DD30A000EEF95 /* MessageFileLoaderDelegate.swift */,
			);
			name = tools;
			sourceTree = "<group>";
		};
		946773C523541A4D0037D2C8 /* tools */ = {
			isa = PBXGroup;
			children = (
				94677415235454740037D2C8 /* THelper.h */,
				94677414235454740037D2C8 /* THelper.m */,
				94CEE533235DA0760040A4AC /* TIMExtension.swift */,
				94CB51BE235EF342001F7CF3 /* VoiceMessagePlayer.swift */,
			);
			name = tools;
			sourceTree = "<group>";
		};
		946773F3235451B40037D2C8 /* VoiceConverter */ = {
			isa = PBXGroup;
			children = (
				94677410235453F90037D2C8 /* libopencore-amrnb.a */,
				94677411235453FA0037D2C8 /* libopencore-amrwb.a */,
				9467740E2354523B0037D2C8 /* dec_if.h */,
				9467740B2354522F0037D2C8 /* amrFileCodec.h */,
				9467740A2354522F0037D2C8 /* amrFileCodec.mm */,
				9467740C235452300037D2C8 /* interf_dec.h */,
				946774092354522F0037D2C8 /* interf_enc.h */,
				946774052354520B0037D2C8 /* wav.h */,
				946774062354520B0037D2C8 /* wav.mm */,
				94677403235451E70037D2C8 /* VoiceConverter.h */,
				94677400235451D70037D2C8 /* EMVoiceConverter.h */,
				946773FF235451D70037D2C8 /* EMVoiceConverter.mm */,
				946773F5235451B40037D2C8 /* Info.plist */,
			);
			path = VoiceConverter;
			sourceTree = "<group>";
		};
		9467743D235477BB0037D2C8 /* TIMKitDemoTests */ = {
			isa = PBXGroup;
			children = (
				9467743E235477BB0037D2C8 /* TIMKitDemoTests.swift */,
				94677440235477BB0037D2C8 /* Info.plist */,
			);
			path = TIMKitDemoTests;
			sourceTree = "<group>";
		};
		9471F00423548FBF004E595F /* view */ = {
			isa = PBXGroup;
			children = (
				94C539722355B50800D90C36 /* MessageCells */,
				9471F00523548FD7004E595F /* AudioRecordButton.swift */,
				94C539772355F56A00D90C36 /* AudioRecordView.swift */,
				94F75E882356C92900D361DA /* AuditionView.swift */,
				94F75E8A2356C94700D361DA /* AuditionView.xib */,
				94A90408236032F1007E54D3 /* CoursewareView.swift */,
				94A9040A23603505007E54D3 /* CoursewareCell.swift */,
				94A9040C23604CD2007E54D3 /* ChatSettingsView.swift */,
				94A9040E23605C70007E54D3 /* AudioRateView.swift */,
			);
			name = view;
			sourceTree = "<group>";
		};
		94A0FE43235D914F009F84C3 /* CommonTools */ = {
			isa = PBXGroup;
			children = (
				94429D1B2351CCD100045E56 /* Log.swift */,
				94AF30082351CF8400A776E0 /* Environment.swift */,
				94F75E862356BFBA00D361DA /* EasyColor.swift */,
				9444E751235965510036E1D6 /* ExtensionTools.swift */,
				94A0FE44235D914F009F84C3 /* CommonTools.h */,
				94A0FE45235D914F009F84C3 /* Info.plist */,
			);
			path = CommonTools;
			sourceTree = "<group>";
		};
		94A903FD23603299007E54D3 /* resources */ = {
			isa = PBXGroup;
			children = (
				94A90401236032AC007E54D3 /* ppt1.png */,
				94A903FE236032AC007E54D3 /* ppt2.png */,
				94A903FF236032AC007E54D3 /* ppt3.png */,
				94A90400236032AC007E54D3 /* ppt4.png */,
				94A90402236032AC007E54D3 /* ppt5.png */,
			);
			name = resources;
			sourceTree = "<group>";
		};
		94C5396D235571E100D90C36 /* messages */ = {
			isa = PBXGroup;
			children = (
				94F1E7E5235879A7004E882E /* MessageContent.h */,
				94F1E7E6235879A7004E882E /* MessageContent.m */,
				94A903F9235FE700007E54D3 /* EXVoiceMessageContent.swift */,
				94F1E7E223587995004E882E /* VoiceMessageContent.h */,
				94F1E7E323587995004E882E /* VoiceMessageContent.m */,
				9444E747235956A00036E1D6 /* MessageType.h */,
				9444E748235961EC0036E1D6 /* TIMCustomElem+Parser.h */,
				9444E749235961EC0036E1D6 /* TIMCustomElem+Parser.m */,
				9444E7532359697C0036E1D6 /* MessageContentParser.swift */,
				94CEE535235DA8CA0040A4AC /* TextMessageContent.h */,
				94CEE536235DA8CA0040A4AC /* TextMessageContent.m */,
				94A903FB235FEDEA007E54D3 /* EXMessage.swift */,
			);
			name = messages;
			sourceTree = "<group>";
		};
		94C539722355B50800D90C36 /* MessageCells */ = {
			isa = PBXGroup;
			children = (
				94429D182351C8A200045E56 /* MessageCell.swift */,
				94C539732355BEB500D90C36 /* TextMessageCell.swift */,
				94C539752355E44A00D90C36 /* VoiceMessageCell.swift */,
			);
			name = MessageCells;
			sourceTree = "<group>";
		};
		94CB51C2235F362A001F7CF3 /* model */ = {
			isa = PBXGroup;
			children = (
			);
			name = model;
			sourceTree = "<group>";
		};
		94CEE503235D98350040A4AC /* COSwiftExtension */ = {
			isa = PBXGroup;
			children = (
				94CEE504235D98350040A4AC /* COSwiftExtension.h */,
				94CEE505235D98350040A4AC /* Info.plist */,
				94CEE51F235D98E40040A4AC /* COSwiftExtension.swift */,
			);
			path = COSwiftExtension;
			sourceTree = "<group>";
		};
		94CEE527235DA02D0040A4AC /* EasyTIM */ = {
			isa = PBXGroup;
			children = (
				94CEE528235DA02D0040A4AC /* EasyTIM.h */,
				94CEE529235DA02D0040A4AC /* Info.plist */,
			);
			path = EasyTIM;
			sourceTree = "<group>";
		};
		94F1E7CD23583E02004E882E /* aliyun */ = {
			isa = PBXGroup;
			children = (
				94F1E7CE23583F38004E882E /* OSSLoader.swift */,
				94F1E7D223584354004E882E /* Secrets.swift */,
				94F1E7D423584AD3004E882E /* OSSManager.swift */,
				94F1E7D6235852C5004E882E /* OSSError.swift */,
				94F1E7D823585849004E882E /* OSSUploader.swift */,
				94F1E7DA23585890004E882E /* OSSLoaderDelegate.swift */,
				94A0FE04235D48ED009F84C3 /* BucketName.swift */,
				94CB51BC235EE28F001F7CF3 /* OSSDownloader.swift */,
			);
			name = aliyun;
			sourceTree = "<group>";
		};
		94F75E8C2356FFA000D361DA /* controller */ = {
			isa = PBXGroup;
			children = (
				94429D162351C31100045E56 /* MessageViewController.swift */,
				946773B623540BB30037D2C8 /* ChatViewController.swift */,
			);
			name = controller;
			sourceTree = "<group>";
		};
		94F75E8D2356FFB600D361DA /* ViewModel */ = {
			isa = PBXGroup;
			children = (
				94F75E8E2357007800D361DA /* ChatViewModel.swift */,
				94A0FE06235D86EA009F84C3 /* MessagesViewModel.swift */,
			);
			name = ViewModel;
			sourceTree = "<group>";
		};
		94F75E91235700C000D361DA /* config */ = {
			isa = PBXGroup;
			children = (
				94F75E92235700CE00D361DA /* Pathes.swift */,
			);
			name = config;
			sourceTree = "<group>";
		};
		B94122ED042B78267D2FF493 /* Pods */ = {
			isa = PBXGroup;
			children = (
				B6D397BA90FEA01133DFACA2 /* Pods-TIMKitDemo.debug.xcconfig */,
				215928D7F86E73D60801D464 /* Pods-TIMKitDemo.release.xcconfig */,
				0F31EF862A9442151C67255B /* Pods-TIMKitDemoTests.debug.xcconfig */,
				7B3AF437C9A7AC9419348DDD /* Pods-TIMKitDemoTests.release.xcconfig */,
				4D9E3DC71057BDE205B593DC /* Pods-CommonTools.debug.xcconfig */,
				52B375353601CB3DEE8DC6CF /* Pods-CommonTools.release.xcconfig */,
				8025F3F8E7137FD2AD3E670F /* Pods-VoiceConverter.debug.xcconfig */,
				A2F22BB647741F1969699396 /* Pods-VoiceConverter.release.xcconfig */,
				629CCA3E21989790AFF5D1C1 /* Pods-COSwiftExtension.debug.xcconfig */,
				3133F8266729CC195EC46CCC /* Pods-COSwiftExtension.release.xcconfig */,
			);
			path = Pods;
			sourceTree = "<group>";
		};
/* End PBXGroup section */

/* Begin PBXHeadersBuildPhase section */
		946773ED235451B40037D2C8 /* Headers */ = {
			isa = PBXHeadersBuildPhase;
			buildActionMask = 2147483647;
			files = (
				9467740F2354523B0037D2C8 /* dec_if.h in Headers */,
				946774072354520B0037D2C8 /* wav.h in Headers */,
				94677404235451E70037D2C8 /* VoiceConverter.h in Headers */,
				94677402235451D70037D2C8 /* EMVoiceConverter.h in Headers */,
			);
			runOnlyForDeploymentPostprocessing = 0;
		};
		94A0FE3D235D914F009F84C3 /* Headers */ = {
			isa = PBXHeadersBuildPhase;
			buildActionMask = 2147483647;
			files = (
				94A0FE46235D914F009F84C3 /* CommonTools.h in Headers */,
			);
			runOnlyForDeploymentPostprocessing = 0;
		};
		94CEE4FD235D98350040A4AC /* Headers */ = {
			isa = PBXHeadersBuildPhase;
			buildActionMask = 2147483647;
			files = (
				94CEE506235D98350040A4AC /* COSwiftExtension.h in Headers */,
			);
			runOnlyForDeploymentPostprocessing = 0;
		};
		94CEE521235DA02C0040A4AC /* Headers */ = {
			isa = PBXHeadersBuildPhase;
			buildActionMask = 2147483647;
			files = (
				94CEE52A235DA02D0040A4AC /* EasyTIM.h in Headers */,
			);
			runOnlyForDeploymentPostprocessing = 0;
		};
/* End PBXHeadersBuildPhase section */

/* Begin PBXNativeTarget section */
		94429CF82351B8D900045E56 /* TIMKitDemo */ = {
			isa = PBXNativeTarget;
			buildConfigurationList = 94429D0D2351B8D900045E56 /* Build configuration list for PBXNativeTarget "TIMKitDemo" */;
			buildPhases = (
				B20137326C3353CAE5C99B97 /* [CP] Check Pods Manifest.lock */,
				94429CF52351B8D900045E56 /* Sources */,
				94429CF62351B8D900045E56 /* Frameworks */,
				94429CF72351B8D900045E56 /* Resources */,
				770C47485DC0E7CA744E757C /* [CP] Embed Pods Frameworks */,
				946773FE235451B40037D2C8 /* Embed Frameworks */,
				DFDBDD68D86BFE6B34C09C14 /* [CP] Copy Pods Resources */,
			);
			buildRules = (
			);
			dependencies = (
				946773F8235451B40037D2C8 /* PBXTargetDependency */,
				94A0FE48235D914F009F84C3 /* PBXTargetDependency */,
				94CEE508235D98350040A4AC /* PBXTargetDependency */,
				94CEE52C235DA02D0040A4AC /* PBXTargetDependency */,
			);
			name = TIMKitDemo;
			productName = TIMKitDemo;
			productReference = 94429CF92351B8D900045E56 /* TIMKitDemo.app */;
			productType = "com.apple.product-type.application";
		};
		946773F1235451B40037D2C8 /* VoiceConverter */ = {
			isa = PBXNativeTarget;
			buildConfigurationList = 946773FB235451B40037D2C8 /* Build configuration list for PBXNativeTarget "VoiceConverter" */;
			buildPhases = (
				075D37372FCC8D50AFB2FB72 /* [CP] Check Pods Manifest.lock */,
				946773ED235451B40037D2C8 /* Headers */,
				946773EE235451B40037D2C8 /* Sources */,
				946773EF235451B40037D2C8 /* Frameworks */,
				946773F0235451B40037D2C8 /* Resources */,
			);
			buildRules = (
			);
			dependencies = (
			);
			name = VoiceConverter;
			productName = VoiceConverter;
			productReference = 946773F2235451B40037D2C8 /* VoiceConverter.framework */;
			productType = "com.apple.product-type.framework";
		};
		9467743B235477BB0037D2C8 /* TIMKitDemoTests */ = {
			isa = PBXNativeTarget;
			buildConfigurationList = 94677443235477BB0037D2C8 /* Build configuration list for PBXNativeTarget "TIMKitDemoTests" */;
			buildPhases = (
				D82A0FD093C419D9199C0D72 /* [CP] Check Pods Manifest.lock */,
				94677438235477BB0037D2C8 /* Sources */,
				94677439235477BB0037D2C8 /* Frameworks */,
				9467743A235477BB0037D2C8 /* Resources */,
			);
			buildRules = (
			);
			dependencies = (
				94677442235477BB0037D2C8 /* PBXTargetDependency */,
			);
			name = TIMKitDemoTests;
			productName = TIMKitDemoTests;
			productReference = 9467743C235477BB0037D2C8 /* TIMKitDemoTests.xctest */;
			productType = "com.apple.product-type.bundle.unit-test";
		};
		94A0FE41235D914F009F84C3 /* CommonTools */ = {
			isa = PBXNativeTarget;
			buildConfigurationList = 94A0FE4B235D914F009F84C3 /* Build configuration list for PBXNativeTarget "CommonTools" */;
			buildPhases = (
				49EFBD8BA31426CC07D04A7C /* [CP] Check Pods Manifest.lock */,
				94A0FE3D235D914F009F84C3 /* Headers */,
				94A0FE3E235D914F009F84C3 /* Sources */,
				94A0FE3F235D914F009F84C3 /* Frameworks */,
				94A0FE40235D914F009F84C3 /* Resources */,
			);
			buildRules = (
			);
			dependencies = (
			);
			name = CommonTools;
			productName = CommonTools;
			productReference = 94A0FE42235D914F009F84C3 /* CommonTools.framework */;
			productType = "com.apple.product-type.framework";
		};
		94CEE501235D98350040A4AC /* COSwiftExtension */ = {
			isa = PBXNativeTarget;
			buildConfigurationList = 94CEE50D235D98350040A4AC /* Build configuration list for PBXNativeTarget "COSwiftExtension" */;
			buildPhases = (
				006D80FD446B3DDCC937CE28 /* [CP] Check Pods Manifest.lock */,
				94CEE4FD235D98350040A4AC /* Headers */,
				94CEE4FE235D98350040A4AC /* Sources */,
				94CEE4FF235D98350040A4AC /* Frameworks */,
				94CEE500235D98350040A4AC /* Resources */,
			);
			buildRules = (
			);
			dependencies = (
			);
			name = COSwiftExtension;
			productName = COSwiftExtension;
			productReference = 94CEE502235D98350040A4AC /* COSwiftExtension.framework */;
			productType = "com.apple.product-type.framework";
		};
		94CEE525235DA02C0040A4AC /* EasyTIM */ = {
			isa = PBXNativeTarget;
			buildConfigurationList = 94CEE52F235DA02D0040A4AC /* Build configuration list for PBXNativeTarget "EasyTIM" */;
			buildPhases = (
				94CEE521235DA02C0040A4AC /* Headers */,
				94CEE522235DA02C0040A4AC /* Sources */,
				94CEE523235DA02C0040A4AC /* Frameworks */,
				94CEE524235DA02C0040A4AC /* Resources */,
			);
			buildRules = (
			);
			dependencies = (
			);
			name = EasyTIM;
			productName = EasyTIM;
			productReference = 94CEE526235DA02C0040A4AC /* EasyTIM.framework */;
			productType = "com.apple.product-type.framework";
		};
/* End PBXNativeTarget section */

/* Begin PBXProject section */
		94429CF12351B8D900045E56 /* Project object */ = {
			isa = PBXProject;
			attributes = {
				LastSwiftUpdateCheck = 1110;
				LastUpgradeCheck = 1100;
				ORGANIZATIONNAME = windbird;
				TargetAttributes = {
					94429CF82351B8D900045E56 = {
						CreatedOnToolsVersion = 11.0;
					};
					946773F1235451B40037D2C8 = {
						CreatedOnToolsVersion = 11.0;
					};
					9467743B235477BB0037D2C8 = {
						CreatedOnToolsVersion = 11.0;
						TestTargetID = 94429CF82351B8D900045E56;
					};
					94A0FE41235D914F009F84C3 = {
						CreatedOnToolsVersion = 11.1;
					};
					94CEE501235D98350040A4AC = {
						CreatedOnToolsVersion = 11.1;
						LastSwiftMigration = 1110;
					};
					94CEE525235DA02C0040A4AC = {
						CreatedOnToolsVersion = 11.1;
					};
				};
			};
			buildConfigurationList = 94429CF42351B8D900045E56 /* Build configuration list for PBXProject "TIMKitDemo" */;
			compatibilityVersion = "Xcode 9.3";
			developmentRegion = en;
			hasScannedForEncodings = 0;
			knownRegions = (
				en,
				Base,
			);
			mainGroup = 94429CF02351B8D900045E56;
			productRefGroup = 94429CFA2351B8D900045E56 /* Products */;
			projectDirPath = "";
			projectRoot = "";
			targets = (
				94429CF82351B8D900045E56 /* TIMKitDemo */,
				946773F1235451B40037D2C8 /* VoiceConverter */,
				9467743B235477BB0037D2C8 /* TIMKitDemoTests */,
				94A0FE41235D914F009F84C3 /* CommonTools */,
				94CEE501235D98350040A4AC /* COSwiftExtension */,
				94CEE525235DA02C0040A4AC /* EasyTIM */,
			);
		};
/* End PBXProject section */

/* Begin PBXResourcesBuildPhase section */
		94429CF72351B8D900045E56 /* Resources */ = {
			isa = PBXResourcesBuildPhase;
			buildActionMask = 2147483647;
			files = (
				94A90406236032AC007E54D3 /* ppt1.png in Resources */,
				94A90405236032AC007E54D3 /* ppt4.png in Resources */,
				94A90407236032AC007E54D3 /* ppt5.png in Resources */,
				94429D092351B8D900045E56 /* LaunchScreen.storyboard in Resources */,
				94A90403236032AC007E54D3 /* ppt2.png in Resources */,
				94A90404236032AC007E54D3 /* ppt3.png in Resources */,
				94F75E8B2356C94700D361DA /* AuditionView.xib in Resources */,
				94429D062351B8D900045E56 /* Assets.xcassets in Resources */,
				94429D042351B8D900045E56 /* Main.storyboard in Resources */,
			);
			runOnlyForDeploymentPostprocessing = 0;
		};
		946773F0235451B40037D2C8 /* Resources */ = {
			isa = PBXResourcesBuildPhase;
			buildActionMask = 2147483647;
			files = (
			);
			runOnlyForDeploymentPostprocessing = 0;
		};
		9467743A235477BB0037D2C8 /* Resources */ = {
			isa = PBXResourcesBuildPhase;
			buildActionMask = 2147483647;
			files = (
			);
			runOnlyForDeploymentPostprocessing = 0;
		};
		94A0FE40235D914F009F84C3 /* Resources */ = {
			isa = PBXResourcesBuildPhase;
			buildActionMask = 2147483647;
			files = (
			);
			runOnlyForDeploymentPostprocessing = 0;
		};
		94CEE500235D98350040A4AC /* Resources */ = {
			isa = PBXResourcesBuildPhase;
			buildActionMask = 2147483647;
			files = (
			);
			runOnlyForDeploymentPostprocessing = 0;
		};
		94CEE524235DA02C0040A4AC /* Resources */ = {
			isa = PBXResourcesBuildPhase;
			buildActionMask = 2147483647;
			files = (
			);
			runOnlyForDeploymentPostprocessing = 0;
		};
/* End PBXResourcesBuildPhase section */

/* Begin PBXShellScriptBuildPhase section */
		006D80FD446B3DDCC937CE28 /* [CP] Check Pods Manifest.lock */ = {
			isa = PBXShellScriptBuildPhase;
			buildActionMask = 2147483647;
			files = (
			);
			inputFileListPaths = (
			);
			inputPaths = (
				"${PODS_PODFILE_DIR_PATH}/Podfile.lock",
				"${PODS_ROOT}/Manifest.lock",
			);
			name = "[CP] Check Pods Manifest.lock";
			outputFileListPaths = (
			);
			outputPaths = (
				"$(DERIVED_FILE_DIR)/Pods-COSwiftExtension-checkManifestLockResult.txt",
			);
			runOnlyForDeploymentPostprocessing = 0;
			shellPath = /bin/sh;
			shellScript = "diff \"${PODS_PODFILE_DIR_PATH}/Podfile.lock\" \"${PODS_ROOT}/Manifest.lock\" > /dev/null\nif [ $? != 0 ] ; then\n    # print error to STDERR\n    echo \"error: The sandbox is not in sync with the Podfile.lock. Run 'pod install' or update your CocoaPods installation.\" >&2\n    exit 1\nfi\n# This output is used by Xcode 'outputs' to avoid re-running this script phase.\necho \"SUCCESS\" > \"${SCRIPT_OUTPUT_FILE_0}\"\n";
			showEnvVarsInLog = 0;
		};
		075D37372FCC8D50AFB2FB72 /* [CP] Check Pods Manifest.lock */ = {
			isa = PBXShellScriptBuildPhase;
			buildActionMask = 2147483647;
			files = (
			);
			inputFileListPaths = (
			);
			inputPaths = (
				"${PODS_PODFILE_DIR_PATH}/Podfile.lock",
				"${PODS_ROOT}/Manifest.lock",
			);
			name = "[CP] Check Pods Manifest.lock";
			outputFileListPaths = (
			);
			outputPaths = (
				"$(DERIVED_FILE_DIR)/Pods-VoiceConverter-checkManifestLockResult.txt",
			);
			runOnlyForDeploymentPostprocessing = 0;
			shellPath = /bin/sh;
			shellScript = "diff \"${PODS_PODFILE_DIR_PATH}/Podfile.lock\" \"${PODS_ROOT}/Manifest.lock\" > /dev/null\nif [ $? != 0 ] ; then\n    # print error to STDERR\n    echo \"error: The sandbox is not in sync with the Podfile.lock. Run 'pod install' or update your CocoaPods installation.\" >&2\n    exit 1\nfi\n# This output is used by Xcode 'outputs' to avoid re-running this script phase.\necho \"SUCCESS\" > \"${SCRIPT_OUTPUT_FILE_0}\"\n";
			showEnvVarsInLog = 0;
		};
		49EFBD8BA31426CC07D04A7C /* [CP] Check Pods Manifest.lock */ = {
			isa = PBXShellScriptBuildPhase;
			buildActionMask = 2147483647;
			files = (
			);
			inputFileListPaths = (
			);
			inputPaths = (
				"${PODS_PODFILE_DIR_PATH}/Podfile.lock",
				"${PODS_ROOT}/Manifest.lock",
			);
			name = "[CP] Check Pods Manifest.lock";
			outputFileListPaths = (
			);
			outputPaths = (
				"$(DERIVED_FILE_DIR)/Pods-CommonTools-checkManifestLockResult.txt",
			);
			runOnlyForDeploymentPostprocessing = 0;
			shellPath = /bin/sh;
			shellScript = "diff \"${PODS_PODFILE_DIR_PATH}/Podfile.lock\" \"${PODS_ROOT}/Manifest.lock\" > /dev/null\nif [ $? != 0 ] ; then\n    # print error to STDERR\n    echo \"error: The sandbox is not in sync with the Podfile.lock. Run 'pod install' or update your CocoaPods installation.\" >&2\n    exit 1\nfi\n# This output is used by Xcode 'outputs' to avoid re-running this script phase.\necho \"SUCCESS\" > \"${SCRIPT_OUTPUT_FILE_0}\"\n";
			showEnvVarsInLog = 0;
		};
		770C47485DC0E7CA744E757C /* [CP] Embed Pods Frameworks */ = {
			isa = PBXShellScriptBuildPhase;
			buildActionMask = 2147483647;
			files = (
			);
			inputFileListPaths = (
				"${PODS_ROOT}/Target Support Files/Pods-TIMKitDemo/Pods-TIMKitDemo-frameworks-${CONFIGURATION}-input-files.xcfilelist",
			);
			name = "[CP] Embed Pods Frameworks";
			outputFileListPaths = (
				"${PODS_ROOT}/Target Support Files/Pods-TIMKitDemo/Pods-TIMKitDemo-frameworks-${CONFIGURATION}-output-files.xcfilelist",
			);
			runOnlyForDeploymentPostprocessing = 0;
			shellPath = /bin/sh;
			shellScript = "\"${PODS_ROOT}/Target Support Files/Pods-TIMKitDemo/Pods-TIMKitDemo-frameworks.sh\"\n";
			showEnvVarsInLog = 0;
		};
		B20137326C3353CAE5C99B97 /* [CP] Check Pods Manifest.lock */ = {
			isa = PBXShellScriptBuildPhase;
			buildActionMask = 2147483647;
			files = (
			);
			inputFileListPaths = (
			);
			inputPaths = (
				"${PODS_PODFILE_DIR_PATH}/Podfile.lock",
				"${PODS_ROOT}/Manifest.lock",
			);
			name = "[CP] Check Pods Manifest.lock";
			outputFileListPaths = (
			);
			outputPaths = (
				"$(DERIVED_FILE_DIR)/Pods-TIMKitDemo-checkManifestLockResult.txt",
			);
			runOnlyForDeploymentPostprocessing = 0;
			shellPath = /bin/sh;
			shellScript = "diff \"${PODS_PODFILE_DIR_PATH}/Podfile.lock\" \"${PODS_ROOT}/Manifest.lock\" > /dev/null\nif [ $? != 0 ] ; then\n    # print error to STDERR\n    echo \"error: The sandbox is not in sync with the Podfile.lock. Run 'pod install' or update your CocoaPods installation.\" >&2\n    exit 1\nfi\n# This output is used by Xcode 'outputs' to avoid re-running this script phase.\necho \"SUCCESS\" > \"${SCRIPT_OUTPUT_FILE_0}\"\n";
			showEnvVarsInLog = 0;
		};
		D82A0FD093C419D9199C0D72 /* [CP] Check Pods Manifest.lock */ = {
			isa = PBXShellScriptBuildPhase;
			buildActionMask = 2147483647;
			files = (
			);
			inputFileListPaths = (
			);
			inputPaths = (
				"${PODS_PODFILE_DIR_PATH}/Podfile.lock",
				"${PODS_ROOT}/Manifest.lock",
			);
			name = "[CP] Check Pods Manifest.lock";
			outputFileListPaths = (
			);
			outputPaths = (
				"$(DERIVED_FILE_DIR)/Pods-TIMKitDemoTests-checkManifestLockResult.txt",
			);
			runOnlyForDeploymentPostprocessing = 0;
			shellPath = /bin/sh;
			shellScript = "diff \"${PODS_PODFILE_DIR_PATH}/Podfile.lock\" \"${PODS_ROOT}/Manifest.lock\" > /dev/null\nif [ $? != 0 ] ; then\n    # print error to STDERR\n    echo \"error: The sandbox is not in sync with the Podfile.lock. Run 'pod install' or update your CocoaPods installation.\" >&2\n    exit 1\nfi\n# This output is used by Xcode 'outputs' to avoid re-running this script phase.\necho \"SUCCESS\" > \"${SCRIPT_OUTPUT_FILE_0}\"\n";
			showEnvVarsInLog = 0;
		};
		DFDBDD68D86BFE6B34C09C14 /* [CP] Copy Pods Resources */ = {
			isa = PBXShellScriptBuildPhase;
			buildActionMask = 2147483647;
			files = (
			);
			inputFileListPaths = (
				"${PODS_ROOT}/Target Support Files/Pods-TIMKitDemo/Pods-TIMKitDemo-resources-${CONFIGURATION}-input-files.xcfilelist",
			);
			name = "[CP] Copy Pods Resources";
			outputFileListPaths = (
				"${PODS_ROOT}/Target Support Files/Pods-TIMKitDemo/Pods-TIMKitDemo-resources-${CONFIGURATION}-output-files.xcfilelist",
			);
			runOnlyForDeploymentPostprocessing = 0;
			shellPath = /bin/sh;
			shellScript = "\"${PODS_ROOT}/Target Support Files/Pods-TIMKitDemo/Pods-TIMKitDemo-resources.sh\"\n";
			showEnvVarsInLog = 0;
		};
/* End PBXShellScriptBuildPhase section */

/* Begin PBXSourcesBuildPhase section */
		94429CF52351B8D900045E56 /* Sources */ = {
			isa = PBXSourcesBuildPhase;
			buildActionMask = 2147483647;
			files = (
				94C539762355E44A00D90C36 /* VoiceMessageCell.swift in Sources */,
				94429D012351B8D900045E56 /* ViewController.swift in Sources */,
				946773B923540BF20037D2C8 /* MessageInputView.swift in Sources */,
				94AF300B2351DD3D00A776E0 /* TIMConnectstatus.swift in Sources */,
				94A90409236032F1007E54D3 /* CoursewareView.swift in Sources */,
				946773B3235408770037D2C8 /* BaseViewController.swift in Sources */,
				94F1E7E7235879A7004E882E /* MessageContent.m in Sources */,
				94CEE534235DA0760040A4AC /* TIMExtension.swift in Sources */,
				94F1E7CF23583F38004E882E /* OSSLoader.swift in Sources */,
				94AF300D2351ED7600A776E0 /* MessageTableView.swift in Sources */,
				946773B5235409E70037D2C8 /* LoadingView.swift in Sources */,
				9471F00623548FD7004E595F /* AudioRecordButton.swift in Sources */,
				946773BD23540D7B0037D2C8 /* MessageInputBar.swift in Sources */,
				94CB51BB235EE172001F7CF3 /* MessageFileDownloader.swift in Sources */,
				9444E74A235961EC0036E1D6 /* TIMCustomElem+Parser.m in Sources */,
				94A0FE07235D86EA009F84C3 /* MessagesViewModel.swift in Sources */,
				94F75E93235700CE00D361DA /* Pathes.swift in Sources */,
				94677416235454740037D2C8 /* THelper.m in Sources */,
				94C5396C2355592600D90C36 /* PlayerError.swift in Sources */,
				94A9040B23603505007E54D3 /* CoursewareCell.swift in Sources */,
				94A903FC235FEDEA007E54D3 /* EXMessage.swift in Sources */,
				946773C32354163F0037D2C8 /* AudioRecorder.swift in Sources */,
				94F1E7D523584AD3004E882E /* OSSManager.swift in Sources */,
				94F1E7D323584354004E882E /* Secrets.swift in Sources */,
				946A969C235DD278000EEF95 /* MessageFileUploader.swift in Sources */,
				94429CFD2351B8D900045E56 /* AppDelegate.swift in Sources */,
				94C539742355BEB500D90C36 /* TextMessageCell.swift in Sources */,
				946773BF235416000037D2C8 /* MessageInputMenuView.swift in Sources */,
				94F1E7DB23585890004E882E /* OSSLoaderDelegate.swift in Sources */,
				946A969E235DD30A000EEF95 /* MessageFileLoaderDelegate.swift in Sources */,
				9471F00323548195004E595F /* AudioPlayer.swift in Sources */,
				94CB51BF235EF342001F7CF3 /* VoiceMessagePlayer.swift in Sources */,
				94F75E892356C92900D361DA /* AuditionView.swift in Sources */,
				94677419235463520037D2C8 /* GenerateTestUserSig.m in Sources */,
				94F1E7E423587995004E882E /* VoiceMessageContent.m in Sources */,
				9467741B235469C40037D2C8 /* RecorderError.swift in Sources */,
				94CB51BD235EE28F001F7CF3 /* OSSDownloader.swift in Sources */,
				94C539782355F56A00D90C36 /* AudioRecordView.swift in Sources */,
				94C539712355AC8500D90C36 /* TICResult.swift in Sources */,
				9444E7542359697C0036E1D6 /* MessageContentParser.swift in Sources */,
				94A903FA235FE700007E54D3 /* EXVoiceMessageContent.swift in Sources */,
				94A0FE05235D48ED009F84C3 /* BucketName.swift in Sources */,
				94F75E8F2357007800D361DA /* ChatViewModel.swift in Sources */,
				94CEE537235DA8CA0040A4AC /* TextMessageContent.m in Sources */,
				946773B723540BB30037D2C8 /* ChatViewController.swift in Sources */,
				94429D192351C8A200045E56 /* MessageCell.swift in Sources */,
				94429D172351C31100045E56 /* MessageViewController.swift in Sources */,
				946773C12354160D0037D2C8 /* MessageMenu.swift in Sources */,
				94A9040D23604CD2007E54D3 /* ChatSettingsView.swift in Sources */,
				94F1E7D923585849004E882E /* OSSUploader.swift in Sources */,
				94C2F9B423618DAC009F74A0 /* BaseNavigationController.swift in Sources */,
				94429CFF2351B8D900045E56 /* SceneDelegate.swift in Sources */,
				94F1E7D7235852C5004E882E /* OSSError.swift in Sources */,
				94A9040F23605C70007E54D3 /* AudioRateView.swift in Sources */,
			);
			runOnlyForDeploymentPostprocessing = 0;
		};
		946773EE235451B40037D2C8 /* Sources */ = {
			isa = PBXSourcesBuildPhase;
			buildActionMask = 2147483647;
			files = (
				9467740D235452300037D2C8 /* amrFileCodec.mm in Sources */,
				946774082354520B0037D2C8 /* wav.mm in Sources */,
				94677401235451D70037D2C8 /* EMVoiceConverter.mm in Sources */,
			);
			runOnlyForDeploymentPostprocessing = 0;
		};
		94677438235477BB0037D2C8 /* Sources */ = {
			isa = PBXSourcesBuildPhase;
			buildActionMask = 2147483647;
			files = (
				9467743F235477BB0037D2C8 /* TIMKitDemoTests.swift in Sources */,
			);
			runOnlyForDeploymentPostprocessing = 0;
		};
		94A0FE3E235D914F009F84C3 /* Sources */ = {
			isa = PBXSourcesBuildPhase;
			buildActionMask = 2147483647;
			files = (
				94A0FE4E235D915C009F84C3 /* EasyColor.swift in Sources */,
				94A0FE51235D915C009F84C3 /* Environment.swift in Sources */,
				94A0FE4F235D915C009F84C3 /* ExtensionTools.swift in Sources */,
				94A0FE50235D915C009F84C3 /* Log.swift in Sources */,
			);
			runOnlyForDeploymentPostprocessing = 0;
		};
		94CEE4FE235D98350040A4AC /* Sources */ = {
			isa = PBXSourcesBuildPhase;
			buildActionMask = 2147483647;
			files = (
				94CEE520235D98E40040A4AC /* COSwiftExtension.swift in Sources */,
			);
			runOnlyForDeploymentPostprocessing = 0;
		};
		94CEE522235DA02C0040A4AC /* Sources */ = {
			isa = PBXSourcesBuildPhase;
			buildActionMask = 2147483647;
			files = (
			);
			runOnlyForDeploymentPostprocessing = 0;
		};
/* End PBXSourcesBuildPhase section */

/* Begin PBXTargetDependency section */
		946773F8235451B40037D2C8 /* PBXTargetDependency */ = {
			isa = PBXTargetDependency;
			target = 946773F1235451B40037D2C8 /* VoiceConverter */;
			targetProxy = 946773F7235451B40037D2C8 /* PBXContainerItemProxy */;
		};
		94677442235477BB0037D2C8 /* PBXTargetDependency */ = {
			isa = PBXTargetDependency;
			target = 94429CF82351B8D900045E56 /* TIMKitDemo */;
			targetProxy = 94677441235477BB0037D2C8 /* PBXContainerItemProxy */;
		};
		94A0FE48235D914F009F84C3 /* PBXTargetDependency */ = {
			isa = PBXTargetDependency;
			target = 94A0FE41235D914F009F84C3 /* CommonTools */;
			targetProxy = 94A0FE47235D914F009F84C3 /* PBXContainerItemProxy */;
		};
		94CEE508235D98350040A4AC /* PBXTargetDependency */ = {
			isa = PBXTargetDependency;
			target = 94CEE501235D98350040A4AC /* COSwiftExtension */;
			targetProxy = 94CEE507235D98350040A4AC /* PBXContainerItemProxy */;
		};
		94CEE52C235DA02D0040A4AC /* PBXTargetDependency */ = {
			isa = PBXTargetDependency;
			target = 94CEE525235DA02C0040A4AC /* EasyTIM */;
			targetProxy = 94CEE52B235DA02D0040A4AC /* PBXContainerItemProxy */;
		};
/* End PBXTargetDependency section */

/* Begin PBXVariantGroup section */
		94429D022351B8D900045E56 /* Main.storyboard */ = {
			isa = PBXVariantGroup;
			children = (
				94429D032351B8D900045E56 /* Base */,
			);
			name = Main.storyboard;
			sourceTree = "<group>";
		};
		94429D072351B8D900045E56 /* LaunchScreen.storyboard */ = {
			isa = PBXVariantGroup;
			children = (
				94429D082351B8D900045E56 /* Base */,
			);
			name = LaunchScreen.storyboard;
			sourceTree = "<group>";
		};
/* End PBXVariantGroup section */

/* Begin XCBuildConfiguration section */
		94429D0B2351B8D900045E56 /* Debug */ = {
			isa = XCBuildConfiguration;
			buildSettings = {
				ALWAYS_SEARCH_USER_PATHS = NO;
				CLANG_ANALYZER_NONNULL = YES;
				CLANG_ANALYZER_NUMBER_OBJECT_CONVERSION = YES_AGGRESSIVE;
				CLANG_CXX_LANGUAGE_STANDARD = "gnu++14";
				CLANG_CXX_LIBRARY = "libc++";
				CLANG_ENABLE_MODULES = YES;
				CLANG_ENABLE_OBJC_ARC = YES;
				CLANG_ENABLE_OBJC_WEAK = YES;
				CLANG_WARN_BLOCK_CAPTURE_AUTORELEASING = YES;
				CLANG_WARN_BOOL_CONVERSION = YES;
				CLANG_WARN_COMMA = YES;
				CLANG_WARN_CONSTANT_CONVERSION = YES;
				CLANG_WARN_DEPRECATED_OBJC_IMPLEMENTATIONS = YES;
				CLANG_WARN_DIRECT_OBJC_ISA_USAGE = YES_ERROR;
				CLANG_WARN_DOCUMENTATION_COMMENTS = YES;
				CLANG_WARN_EMPTY_BODY = YES;
				CLANG_WARN_ENUM_CONVERSION = YES;
				CLANG_WARN_INFINITE_RECURSION = YES;
				CLANG_WARN_INT_CONVERSION = YES;
				CLANG_WARN_NON_LITERAL_NULL_CONVERSION = YES;
				CLANG_WARN_OBJC_IMPLICIT_RETAIN_SELF = YES;
				CLANG_WARN_OBJC_LITERAL_CONVERSION = YES;
				CLANG_WARN_OBJC_ROOT_CLASS = YES_ERROR;
				CLANG_WARN_RANGE_LOOP_ANALYSIS = YES;
				CLANG_WARN_STRICT_PROTOTYPES = YES;
				CLANG_WARN_SUSPICIOUS_MOVE = YES;
				CLANG_WARN_UNGUARDED_AVAILABILITY = YES_AGGRESSIVE;
				CLANG_WARN_UNREACHABLE_CODE = YES;
				CLANG_WARN__DUPLICATE_METHOD_MATCH = YES;
				COPY_PHASE_STRIP = NO;
				DEBUG_INFORMATION_FORMAT = dwarf;
				ENABLE_STRICT_OBJC_MSGSEND = YES;
				ENABLE_TESTABILITY = YES;
				GCC_C_LANGUAGE_STANDARD = gnu11;
				GCC_DYNAMIC_NO_PIC = NO;
				GCC_NO_COMMON_BLOCKS = YES;
				GCC_OPTIMIZATION_LEVEL = 0;
				GCC_PREPROCESSOR_DEFINITIONS = (
					"DEBUG=1",
					"$(inherited)",
				);
				GCC_WARN_64_TO_32_BIT_CONVERSION = YES;
				GCC_WARN_ABOUT_RETURN_TYPE = YES_ERROR;
				GCC_WARN_UNDECLARED_SELECTOR = YES;
				GCC_WARN_UNINITIALIZED_AUTOS = YES_AGGRESSIVE;
				GCC_WARN_UNUSED_FUNCTION = YES;
				GCC_WARN_UNUSED_VARIABLE = YES;
				IPHONEOS_DEPLOYMENT_TARGET = 13.0;
				MTL_ENABLE_DEBUG_INFO = INCLUDE_SOURCE;
				MTL_FAST_MATH = YES;
				ONLY_ACTIVE_ARCH = YES;
				SDKROOT = iphoneos;
				SWIFT_ACTIVE_COMPILATION_CONDITIONS = DEBUG;
				SWIFT_OPTIMIZATION_LEVEL = "-Onone";
			};
			name = Debug;
		};
		94429D0C2351B8D900045E56 /* Release */ = {
			isa = XCBuildConfiguration;
			buildSettings = {
				ALWAYS_SEARCH_USER_PATHS = NO;
				CLANG_ANALYZER_NONNULL = YES;
				CLANG_ANALYZER_NUMBER_OBJECT_CONVERSION = YES_AGGRESSIVE;
				CLANG_CXX_LANGUAGE_STANDARD = "gnu++14";
				CLANG_CXX_LIBRARY = "libc++";
				CLANG_ENABLE_MODULES = YES;
				CLANG_ENABLE_OBJC_ARC = YES;
				CLANG_ENABLE_OBJC_WEAK = YES;
				CLANG_WARN_BLOCK_CAPTURE_AUTORELEASING = YES;
				CLANG_WARN_BOOL_CONVERSION = YES;
				CLANG_WARN_COMMA = YES;
				CLANG_WARN_CONSTANT_CONVERSION = YES;
				CLANG_WARN_DEPRECATED_OBJC_IMPLEMENTATIONS = YES;
				CLANG_WARN_DIRECT_OBJC_ISA_USAGE = YES_ERROR;
				CLANG_WARN_DOCUMENTATION_COMMENTS = YES;
				CLANG_WARN_EMPTY_BODY = YES;
				CLANG_WARN_ENUM_CONVERSION = YES;
				CLANG_WARN_INFINITE_RECURSION = YES;
				CLANG_WARN_INT_CONVERSION = YES;
				CLANG_WARN_NON_LITERAL_NULL_CONVERSION = YES;
				CLANG_WARN_OBJC_IMPLICIT_RETAIN_SELF = YES;
				CLANG_WARN_OBJC_LITERAL_CONVERSION = YES;
				CLANG_WARN_OBJC_ROOT_CLASS = YES_ERROR;
				CLANG_WARN_RANGE_LOOP_ANALYSIS = YES;
				CLANG_WARN_STRICT_PROTOTYPES = YES;
				CLANG_WARN_SUSPICIOUS_MOVE = YES;
				CLANG_WARN_UNGUARDED_AVAILABILITY = YES_AGGRESSIVE;
				CLANG_WARN_UNREACHABLE_CODE = YES;
				CLANG_WARN__DUPLICATE_METHOD_MATCH = YES;
				COPY_PHASE_STRIP = NO;
				DEBUG_INFORMATION_FORMAT = "dwarf-with-dsym";
				ENABLE_NS_ASSERTIONS = NO;
				ENABLE_STRICT_OBJC_MSGSEND = YES;
				GCC_C_LANGUAGE_STANDARD = gnu11;
				GCC_NO_COMMON_BLOCKS = YES;
				GCC_WARN_64_TO_32_BIT_CONVERSION = YES;
				GCC_WARN_ABOUT_RETURN_TYPE = YES_ERROR;
				GCC_WARN_UNDECLARED_SELECTOR = YES;
				GCC_WARN_UNINITIALIZED_AUTOS = YES_AGGRESSIVE;
				GCC_WARN_UNUSED_FUNCTION = YES;
				GCC_WARN_UNUSED_VARIABLE = YES;
				IPHONEOS_DEPLOYMENT_TARGET = 13.0;
				MTL_ENABLE_DEBUG_INFO = NO;
				MTL_FAST_MATH = YES;
				SDKROOT = iphoneos;
				SWIFT_COMPILATION_MODE = wholemodule;
				SWIFT_OPTIMIZATION_LEVEL = "-O";
				VALIDATE_PRODUCT = YES;
			};
			name = Release;
		};
		94429D0E2351B8D900045E56 /* Debug */ = {
			isa = XCBuildConfiguration;
			baseConfigurationReference = B6D397BA90FEA01133DFACA2 /* Pods-TIMKitDemo.debug.xcconfig */;
			buildSettings = {
				ALWAYS_EMBED_SWIFT_STANDARD_LIBRARIES = "$(inherited)";
				ASSETCATALOG_COMPILER_APPICON_NAME = AppIcon;
				CODE_SIGN_STYLE = Automatic;
				DEFINES_MODULE = YES;
				DEVELOPMENT_TEAM = NWP5MRJALD;
				INFOPLIST_FILE = TIMKitDemo/Info.plist;
				LD_RUNPATH_SEARCH_PATHS = (
					"$(inherited)",
					"@executable_path/Frameworks",
				);
				OTHER_SWIFT_FLAGS = "$(inherited) -D COCOAPODS -Xcc -fmodule-map-file=\"${PODS_CONFIGURATION_BUILD_DIR}/IQKeyboardManagerSwift/IQKeyboardManagerSwift.modulemap\" -Xcc -fmodule-map-file=\"${PODS_CONFIGURATION_BUILD_DIR}/RxCocoa/RxCocoa.modulemap\" -Xcc -fmodule-map-file=\"${PODS_CONFIGURATION_BUILD_DIR}/RxRelay/RxRelay.modulemap\" -Xcc -fmodule-map-file=\"${PODS_CONFIGURATION_BUILD_DIR}/RxSwift/RxSwift.modulemap\" -Xcc -fmodule-map-file=\"${PODS_CONFIGURATION_BUILD_DIR}/SnapKit/SnapKit.modulemap\" -Xcc -fmodule-map-file=\"${PODS_CONFIGURATION_BUILD_DIR}/coswift/coswift.modulemap\" -Xcc -fmodule-map-file=\"${PODS_ROOT}/Headers/Public/AliyunOSSiOS/AliyunOSSiOS.modulemap\" -Xcc -fmodule-map-file=\"${PODS_ROOT}/Headers/Public/MJExtension/MJExtension.modulemap\" -Xcc -fmodule-map-file=\"${PODS_ROOT}/Headers/Public/cocore/cocore.modulemap\" -Xfrontend -debug-time-function-bodies";
				PRODUCT_BUNDLE_IDENTIFIER = info.windbird.TIMKitDemo;
				PRODUCT_NAME = "$(TARGET_NAME)";
				SWIFT_OBJC_BRIDGING_HEADER = "/Users/ryan/workspace/TIMKitDemo/TIMKitDemo/TIMKitDemo-Bridging-Header.h";
				SWIFT_VERSION = 5.0;
				TARGETED_DEVICE_FAMILY = "1,2";
				VALID_ARCHS = "armv7s armv7 arm64 arm64e";
			};
			name = Debug;
		};
		94429D0F2351B8D900045E56 /* Release */ = {
			isa = XCBuildConfiguration;
			baseConfigurationReference = 215928D7F86E73D60801D464 /* Pods-TIMKitDemo.release.xcconfig */;
			buildSettings = {
				ALWAYS_EMBED_SWIFT_STANDARD_LIBRARIES = "$(inherited)";
				ASSETCATALOG_COMPILER_APPICON_NAME = AppIcon;
				CODE_SIGN_STYLE = Automatic;
				DEFINES_MODULE = YES;
				DEVELOPMENT_TEAM = NWP5MRJALD;
				INFOPLIST_FILE = TIMKitDemo/Info.plist;
				LD_RUNPATH_SEARCH_PATHS = (
					"$(inherited)",
					"@executable_path/Frameworks",
				);
				OTHER_SWIFT_FLAGS = "$(inherited) -D COCOAPODS -Xcc -fmodule-map-file=\"${PODS_CONFIGURATION_BUILD_DIR}/IQKeyboardManagerSwift/IQKeyboardManagerSwift.modulemap\" -Xcc -fmodule-map-file=\"${PODS_CONFIGURATION_BUILD_DIR}/RxCocoa/RxCocoa.modulemap\" -Xcc -fmodule-map-file=\"${PODS_CONFIGURATION_BUILD_DIR}/RxRelay/RxRelay.modulemap\" -Xcc -fmodule-map-file=\"${PODS_CONFIGURATION_BUILD_DIR}/RxSwift/RxSwift.modulemap\" -Xcc -fmodule-map-file=\"${PODS_CONFIGURATION_BUILD_DIR}/SnapKit/SnapKit.modulemap\" -Xcc -fmodule-map-file=\"${PODS_CONFIGURATION_BUILD_DIR}/coswift/coswift.modulemap\" -Xcc -fmodule-map-file=\"${PODS_ROOT}/Headers/Public/AliyunOSSiOS/AliyunOSSiOS.modulemap\" -Xcc -fmodule-map-file=\"${PODS_ROOT}/Headers/Public/MJExtension/MJExtension.modulemap\" -Xcc -fmodule-map-file=\"${PODS_ROOT}/Headers/Public/cocore/cocore.modulemap\" -Xfrontend -debug-time-function-bodies";
				PRODUCT_BUNDLE_IDENTIFIER = info.windbird.TIMKitDemo;
				PRODUCT_NAME = "$(TARGET_NAME)";
				SWIFT_OBJC_BRIDGING_HEADER = "/Users/ryan/workspace/TIMKitDemo/TIMKitDemo/TIMKitDemo-Bridging-Header.h";
				SWIFT_VERSION = 5.0;
				TARGETED_DEVICE_FAMILY = "1,2";
				VALID_ARCHS = "armv7s armv7 arm64 arm64e";
			};
			name = Release;
		};
		946773FC235451B40037D2C8 /* Debug */ = {
			isa = XCBuildConfiguration;
			baseConfigurationReference = 8025F3F8E7137FD2AD3E670F /* Pods-VoiceConverter.debug.xcconfig */;
			buildSettings = {
				ALWAYS_EMBED_SWIFT_STANDARD_LIBRARIES = "$(inherited)";
				CODE_SIGN_STYLE = Automatic;
				CURRENT_PROJECT_VERSION = 1;
				DEFINES_MODULE = YES;
				DEVELOPMENT_TEAM = NWP5MRJALD;
				DYLIB_COMPATIBILITY_VERSION = 1;
				DYLIB_CURRENT_VERSION = 1;
				DYLIB_INSTALL_NAME_BASE = "@rpath";
				INFOPLIST_FILE = VoiceConverter/Info.plist;
				INSTALL_PATH = "$(LOCAL_LIBRARY_DIR)/Frameworks";
				IPHONEOS_DEPLOYMENT_TARGET = 10.0;
				LD_RUNPATH_SEARCH_PATHS = (
					"$(inherited)",
					"@executable_path/Frameworks",
					"@loader_path/Frameworks",
				);
				LIBRARY_SEARCH_PATHS = (
					"$(inherited)",
					"$(PROJECT_DIR)/VoiceConverter",
				);
				PRODUCT_BUNDLE_IDENTIFIER = info.windbird.VoiceConverter;
				PRODUCT_NAME = "$(TARGET_NAME:c99extidentifier)";
				SKIP_INSTALL = YES;
				TARGETED_DEVICE_FAMILY = "1,2";
				VERSIONING_SYSTEM = "apple-generic";
				VERSION_INFO_PREFIX = "";
			};
			name = Debug;
		};
		946773FD235451B40037D2C8 /* Release */ = {
			isa = XCBuildConfiguration;
			baseConfigurationReference = A2F22BB647741F1969699396 /* Pods-VoiceConverter.release.xcconfig */;
			buildSettings = {
				ALWAYS_EMBED_SWIFT_STANDARD_LIBRARIES = "$(inherited)";
				CODE_SIGN_STYLE = Automatic;
				CURRENT_PROJECT_VERSION = 1;
				DEFINES_MODULE = YES;
				DEVELOPMENT_TEAM = NWP5MRJALD;
				DYLIB_COMPATIBILITY_VERSION = 1;
				DYLIB_CURRENT_VERSION = 1;
				DYLIB_INSTALL_NAME_BASE = "@rpath";
				INFOPLIST_FILE = VoiceConverter/Info.plist;
				INSTALL_PATH = "$(LOCAL_LIBRARY_DIR)/Frameworks";
				IPHONEOS_DEPLOYMENT_TARGET = 10.0;
				LD_RUNPATH_SEARCH_PATHS = (
					"$(inherited)",
					"@executable_path/Frameworks",
					"@loader_path/Frameworks",
				);
				LIBRARY_SEARCH_PATHS = (
					"$(inherited)",
					"$(PROJECT_DIR)/VoiceConverter",
				);
				PRODUCT_BUNDLE_IDENTIFIER = info.windbird.VoiceConverter;
				PRODUCT_NAME = "$(TARGET_NAME:c99extidentifier)";
				SKIP_INSTALL = YES;
				TARGETED_DEVICE_FAMILY = "1,2";
				VERSIONING_SYSTEM = "apple-generic";
				VERSION_INFO_PREFIX = "";
			};
			name = Release;
		};
		94677444235477BB0037D2C8 /* Debug */ = {
			isa = XCBuildConfiguration;
			baseConfigurationReference = 0F31EF862A9442151C67255B /* Pods-TIMKitDemoTests.debug.xcconfig */;
			buildSettings = {
				BUNDLE_LOADER = "$(TEST_HOST)";
				CODE_SIGN_STYLE = Automatic;
				DEVELOPMENT_TEAM = NWP5MRJALD;
				INFOPLIST_FILE = TIMKitDemoTests/Info.plist;
				LD_RUNPATH_SEARCH_PATHS = (
					"$(inherited)",
					"@executable_path/Frameworks",
					"@loader_path/Frameworks",
				);
				PRODUCT_BUNDLE_IDENTIFIER = info.windbird.TIMKitDemoTests;
				PRODUCT_NAME = "$(TARGET_NAME)";
				SWIFT_VERSION = 5.0;
				TARGETED_DEVICE_FAMILY = "1,2";
				TEST_HOST = "$(BUILT_PRODUCTS_DIR)/TIMKitDemo.app/TIMKitDemo";
			};
			name = Debug;
		};
		94677445235477BB0037D2C8 /* Release */ = {
			isa = XCBuildConfiguration;
			baseConfigurationReference = 7B3AF437C9A7AC9419348DDD /* Pods-TIMKitDemoTests.release.xcconfig */;
			buildSettings = {
				BUNDLE_LOADER = "$(TEST_HOST)";
				CODE_SIGN_STYLE = Automatic;
				DEVELOPMENT_TEAM = NWP5MRJALD;
				INFOPLIST_FILE = TIMKitDemoTests/Info.plist;
				LD_RUNPATH_SEARCH_PATHS = (
					"$(inherited)",
					"@executable_path/Frameworks",
					"@loader_path/Frameworks",
				);
				PRODUCT_BUNDLE_IDENTIFIER = info.windbird.TIMKitDemoTests;
				PRODUCT_NAME = "$(TARGET_NAME)";
				SWIFT_VERSION = 5.0;
				TARGETED_DEVICE_FAMILY = "1,2";
				TEST_HOST = "$(BUILT_PRODUCTS_DIR)/TIMKitDemo.app/TIMKitDemo";
			};
			name = Release;
		};
		94A0FE4C235D914F009F84C3 /* Debug */ = {
			isa = XCBuildConfiguration;
			baseConfigurationReference = 4D9E3DC71057BDE205B593DC /* Pods-CommonTools.debug.xcconfig */;
			buildSettings = {
				ALWAYS_EMBED_SWIFT_STANDARD_LIBRARIES = "$(inherited)";
				CODE_SIGN_STYLE = Automatic;
				CURRENT_PROJECT_VERSION = 1;
				DEFINES_MODULE = YES;
				DEVELOPMENT_TEAM = NWP5MRJALD;
				DYLIB_COMPATIBILITY_VERSION = 1;
				DYLIB_CURRENT_VERSION = 1;
				DYLIB_INSTALL_NAME_BASE = "@rpath";
				INFOPLIST_FILE = CommonTools/Info.plist;
				INSTALL_PATH = "$(LOCAL_LIBRARY_DIR)/Frameworks";
				IPHONEOS_DEPLOYMENT_TARGET = 10.0;
				LD_RUNPATH_SEARCH_PATHS = (
					"$(inherited)",
					"@executable_path/Frameworks",
					"@loader_path/Frameworks",
				);
				PRODUCT_BUNDLE_IDENTIFIER = info.windbird.CommonTools;
				PRODUCT_NAME = "$(TARGET_NAME:c99extidentifier)";
				SKIP_INSTALL = YES;
				SWIFT_VERSION = 5.0;
				TARGETED_DEVICE_FAMILY = "1,2";
				TVOS_DEPLOYMENT_TARGET = 10.0;
				VERSIONING_SYSTEM = "apple-generic";
				VERSION_INFO_PREFIX = "";
			};
			name = Debug;
		};
		94A0FE4D235D914F009F84C3 /* Release */ = {
			isa = XCBuildConfiguration;
			baseConfigurationReference = 52B375353601CB3DEE8DC6CF /* Pods-CommonTools.release.xcconfig */;
			buildSettings = {
				ALWAYS_EMBED_SWIFT_STANDARD_LIBRARIES = "$(inherited)";
				CODE_SIGN_STYLE = Automatic;
				CURRENT_PROJECT_VERSION = 1;
				DEFINES_MODULE = YES;
				DEVELOPMENT_TEAM = NWP5MRJALD;
				DYLIB_COMPATIBILITY_VERSION = 1;
				DYLIB_CURRENT_VERSION = 1;
				DYLIB_INSTALL_NAME_BASE = "@rpath";
				INFOPLIST_FILE = CommonTools/Info.plist;
				INSTALL_PATH = "$(LOCAL_LIBRARY_DIR)/Frameworks";
				IPHONEOS_DEPLOYMENT_TARGET = 10.0;
				LD_RUNPATH_SEARCH_PATHS = (
					"$(inherited)",
					"@executable_path/Frameworks",
					"@loader_path/Frameworks",
				);
				PRODUCT_BUNDLE_IDENTIFIER = info.windbird.CommonTools;
				PRODUCT_NAME = "$(TARGET_NAME:c99extidentifier)";
				SKIP_INSTALL = YES;
				SWIFT_VERSION = 5.0;
				TARGETED_DEVICE_FAMILY = "1,2";
				TVOS_DEPLOYMENT_TARGET = 10.0;
				VERSIONING_SYSTEM = "apple-generic";
				VERSION_INFO_PREFIX = "";
			};
			name = Release;
		};
		94CEE50B235D98350040A4AC /* Debug */ = {
			isa = XCBuildConfiguration;
			baseConfigurationReference = 629CCA3E21989790AFF5D1C1 /* Pods-COSwiftExtension.debug.xcconfig */;
			buildSettings = {
				CLANG_ENABLE_MODULES = YES;
				CODE_SIGN_STYLE = Automatic;
				CURRENT_PROJECT_VERSION = 1;
				DEFINES_MODULE = YES;
				DEVELOPMENT_TEAM = NWP5MRJALD;
				DYLIB_COMPATIBILITY_VERSION = 1;
				DYLIB_CURRENT_VERSION = 1;
				DYLIB_INSTALL_NAME_BASE = "@rpath";
				INFOPLIST_FILE = COSwiftExtension/Info.plist;
				INSTALL_PATH = "$(LOCAL_LIBRARY_DIR)/Frameworks";
				IPHONEOS_DEPLOYMENT_TARGET = 10.0;
				LD_RUNPATH_SEARCH_PATHS = (
					"$(inherited)",
					"@executable_path/Frameworks",
					"@loader_path/Frameworks",
				);
				OTHER_SWIFT_FLAGS = "$(inherited) -D COCOAPODS -Xcc -fmodule-map-file=\"${PODS_CONFIGURATION_BUILD_DIR}/coswift/coswift.modulemap\" -Xcc -fmodule-map-file=\"${PODS_ROOT}/Headers/Public/cocore/cocore.modulemap\"";
				PRODUCT_BUNDLE_IDENTIFIER = info.windbird.COSwiftExtension;
				PRODUCT_NAME = "$(TARGET_NAME:c99extidentifier)";
				SKIP_INSTALL = YES;
				SWIFT_OPTIMIZATION_LEVEL = "-Onone";
				SWIFT_VERSION = 5.0;
				TARGETED_DEVICE_FAMILY = "1,2";
				VERSIONING_SYSTEM = "apple-generic";
				VERSION_INFO_PREFIX = "";
			};
			name = Debug;
		};
		94CEE50C235D98350040A4AC /* Release */ = {
			isa = XCBuildConfiguration;
			baseConfigurationReference = 3133F8266729CC195EC46CCC /* Pods-COSwiftExtension.release.xcconfig */;
			buildSettings = {
				CLANG_ENABLE_MODULES = YES;
				CODE_SIGN_STYLE = Automatic;
				CURRENT_PROJECT_VERSION = 1;
				DEFINES_MODULE = YES;
				DEVELOPMENT_TEAM = NWP5MRJALD;
				DYLIB_COMPATIBILITY_VERSION = 1;
				DYLIB_CURRENT_VERSION = 1;
				DYLIB_INSTALL_NAME_BASE = "@rpath";
				INFOPLIST_FILE = COSwiftExtension/Info.plist;
				INSTALL_PATH = "$(LOCAL_LIBRARY_DIR)/Frameworks";
				IPHONEOS_DEPLOYMENT_TARGET = 10.0;
				LD_RUNPATH_SEARCH_PATHS = (
					"$(inherited)",
					"@executable_path/Frameworks",
					"@loader_path/Frameworks",
				);
				OTHER_SWIFT_FLAGS = "$(inherited) -D COCOAPODS -Xcc -fmodule-map-file=\"${PODS_CONFIGURATION_BUILD_DIR}/coswift/coswift.modulemap\" -Xcc -fmodule-map-file=\"${PODS_ROOT}/Headers/Public/cocore/cocore.modulemap\"";
				PRODUCT_BUNDLE_IDENTIFIER = info.windbird.COSwiftExtension;
				PRODUCT_NAME = "$(TARGET_NAME:c99extidentifier)";
				SKIP_INSTALL = YES;
				SWIFT_VERSION = 5.0;
				TARGETED_DEVICE_FAMILY = "1,2";
				VERSIONING_SYSTEM = "apple-generic";
				VERSION_INFO_PREFIX = "";
			};
			name = Release;
		};
		94CEE530235DA02D0040A4AC /* Debug */ = {
			isa = XCBuildConfiguration;
			buildSettings = {
				CODE_SIGN_STYLE = Automatic;
				CURRENT_PROJECT_VERSION = 1;
				DEFINES_MODULE = YES;
				DEVELOPMENT_TEAM = NWP5MRJALD;
				DYLIB_COMPATIBILITY_VERSION = 1;
				DYLIB_CURRENT_VERSION = 1;
				DYLIB_INSTALL_NAME_BASE = "@rpath";
				INFOPLIST_FILE = EasyTIM/Info.plist;
				INSTALL_PATH = "$(LOCAL_LIBRARY_DIR)/Frameworks";
				IPHONEOS_DEPLOYMENT_TARGET = 13.1;
				LD_RUNPATH_SEARCH_PATHS = (
					"$(inherited)",
					"@executable_path/Frameworks",
					"@loader_path/Frameworks",
				);
				PRODUCT_BUNDLE_IDENTIFIER = info.windbird.EasyTIM;
				PRODUCT_NAME = "$(TARGET_NAME:c99extidentifier)";
				SKIP_INSTALL = YES;
				SWIFT_VERSION = 5.0;
				TARGETED_DEVICE_FAMILY = "1,2";
				VERSIONING_SYSTEM = "apple-generic";
				VERSION_INFO_PREFIX = "";
			};
			name = Debug;
		};
		94CEE531235DA02D0040A4AC /* Release */ = {
			isa = XCBuildConfiguration;
			buildSettings = {
				CODE_SIGN_STYLE = Automatic;
				CURRENT_PROJECT_VERSION = 1;
				DEFINES_MODULE = YES;
				DEVELOPMENT_TEAM = NWP5MRJALD;
				DYLIB_COMPATIBILITY_VERSION = 1;
				DYLIB_CURRENT_VERSION = 1;
				DYLIB_INSTALL_NAME_BASE = "@rpath";
				INFOPLIST_FILE = EasyTIM/Info.plist;
				INSTALL_PATH = "$(LOCAL_LIBRARY_DIR)/Frameworks";
				IPHONEOS_DEPLOYMENT_TARGET = 13.1;
				LD_RUNPATH_SEARCH_PATHS = (
					"$(inherited)",
					"@executable_path/Frameworks",
					"@loader_path/Frameworks",
				);
				PRODUCT_BUNDLE_IDENTIFIER = info.windbird.EasyTIM;
				PRODUCT_NAME = "$(TARGET_NAME:c99extidentifier)";
				SKIP_INSTALL = YES;
				SWIFT_VERSION = 5.0;
				TARGETED_DEVICE_FAMILY = "1,2";
				VERSIONING_SYSTEM = "apple-generic";
				VERSION_INFO_PREFIX = "";
			};
			name = Release;
		};
/* End XCBuildConfiguration section */

/* Begin XCConfigurationList section */
		94429CF42351B8D900045E56 /* Build configuration list for PBXProject "TIMKitDemo" */ = {
			isa = XCConfigurationList;
			buildConfigurations = (
				94429D0B2351B8D900045E56 /* Debug */,
				94429D0C2351B8D900045E56 /* Release */,
			);
			defaultConfigurationIsVisible = 0;
			defaultConfigurationName = Release;
		};
		94429D0D2351B8D900045E56 /* Build configuration list for PBXNativeTarget "TIMKitDemo" */ = {
			isa = XCConfigurationList;
			buildConfigurations = (
				94429D0E2351B8D900045E56 /* Debug */,
				94429D0F2351B8D900045E56 /* Release */,
			);
			defaultConfigurationIsVisible = 0;
			defaultConfigurationName = Release;
		};
		946773FB235451B40037D2C8 /* Build configuration list for PBXNativeTarget "VoiceConverter" */ = {
			isa = XCConfigurationList;
			buildConfigurations = (
				946773FC235451B40037D2C8 /* Debug */,
				946773FD235451B40037D2C8 /* Release */,
			);
			defaultConfigurationIsVisible = 0;
			defaultConfigurationName = Release;
		};
		94677443235477BB0037D2C8 /* Build configuration list for PBXNativeTarget "TIMKitDemoTests" */ = {
			isa = XCConfigurationList;
			buildConfigurations = (
				94677444235477BB0037D2C8 /* Debug */,
				94677445235477BB0037D2C8 /* Release */,
			);
			defaultConfigurationIsVisible = 0;
			defaultConfigurationName = Release;
		};
		94A0FE4B235D914F009F84C3 /* Build configuration list for PBXNativeTarget "CommonTools" */ = {
			isa = XCConfigurationList;
			buildConfigurations = (
				94A0FE4C235D914F009F84C3 /* Debug */,
				94A0FE4D235D914F009F84C3 /* Release */,
			);
			defaultConfigurationIsVisible = 0;
			defaultConfigurationName = Release;
		};
		94CEE50D235D98350040A4AC /* Build configuration list for PBXNativeTarget "COSwiftExtension" */ = {
			isa = XCConfigurationList;
			buildConfigurations = (
				94CEE50B235D98350040A4AC /* Debug */,
				94CEE50C235D98350040A4AC /* Release */,
			);
			defaultConfigurationIsVisible = 0;
			defaultConfigurationName = Release;
		};
		94CEE52F235DA02D0040A4AC /* Build configuration list for PBXNativeTarget "EasyTIM" */ = {
			isa = XCConfigurationList;
			buildConfigurations = (
				94CEE530235DA02D0040A4AC /* Debug */,
				94CEE531235DA02D0040A4AC /* Release */,
			);
			defaultConfigurationIsVisible = 0;
			defaultConfigurationName = Release;
		};
/* End XCConfigurationList section */
	};
	rootObject = 94429CF12351B8D900045E56 /* Project object */;
}
